<?xml version="1.0" encoding="UTF-8"?>
<Scheme
   LastUpgradeVersion = "2610"
   wasCreatedForAppExtension = "YES"
   version = "1.7">
   <BuildAction
      parallelizeBuildables = "NO"
      buildImplicitDependencies = "YES">
      <BuildActionEntries>
         <BuildActionEntry
            buildForTesting = "YES"
            buildForRunning = "YES"
            buildForProfiling = "YES"
            buildForArchiving = "YES"
            buildForAnalyzing = "YES">
            <BuildableReference
               BuildableIdentifier = "primary"
               BlueprintIdentifier = "43D8FDCA1C728FDF0073BE78"
               BuildableName = "LoopKit.framework"
               BlueprintName = "LoopKit"
               ReferencedContainer = "container:LoopKit/LoopKit.xcodeproj">
            </BuildableReference>
         </BuildActionEntry>
         <BuildActionEntry
            buildForTesting = "YES"
            buildForRunning = "YES"
            buildForProfiling = "YES"
            buildForArchiving = "YES"
            buildForAnalyzing = "YES">
            <BuildableReference
               BuildableIdentifier = "primary"
               BlueprintIdentifier = "A9E6758022713F4700E25293"
               BuildableName = "LoopKit.framework"
               BlueprintName = "LoopKit-watchOS"
               ReferencedContainer = "container:LoopKit/LoopKit.xcodeproj">
            </BuildableReference>
         </BuildActionEntry>
         <BuildActionEntry
            buildForTesting = "YES"
            buildForRunning = "YES"
            buildForProfiling = "YES"
            buildForArchiving = "YES"
            buildForAnalyzing = "YES">
            <BuildableReference
               BuildableIdentifier = "primary"
               BlueprintIdentifier = "43BA7153201E484D0058961E"
               BuildableName = "LoopKitUI.framework"
               BlueprintName = "LoopKitUI"
               ReferencedContainer = "container:LoopKit/LoopKit.xcodeproj">
            </BuildableReference>
         </BuildActionEntry>
         <BuildActionEntry
            buildForTesting = "YES"
            buildForRunning = "YES"
            buildForProfiling = "YES"
            buildForArchiving = "YES"
            buildForAnalyzing = "YES">
            <BuildableReference
               BuildableIdentifier = "primary"
               BlueprintIdentifier = "892A5D33222F03CB008961AB"
               BuildableName = "LoopTestingKit.framework"
               BlueprintName = "LoopTestingKit"
               ReferencedContainer = "container:LoopKit/LoopKit.xcodeproj">
            </BuildableReference>
         </BuildActionEntry>
         <BuildActionEntry
            buildForTesting = "YES"
            buildForRunning = "YES"
            buildForProfiling = "YES"
            buildForArchiving = "YES"
            buildForAnalyzing = "YES">
            <BuildableReference
               BuildableIdentifier = "primary"
               BlueprintIdentifier = "89D2047121CC7BD7001238CC"
               BuildableName = "MockKit.framework"
               BlueprintName = "MockKit"
               ReferencedContainer = "container:LoopKit/LoopKit.xcodeproj">
            </BuildableReference>
         </BuildActionEntry>
         <BuildActionEntry
            buildForTesting = "YES"
            buildForRunning = "YES"
            buildForProfiling = "YES"
            buildForArchiving = "YES"
            buildForAnalyzing = "YES">
            <BuildableReference
               BuildableIdentifier = "primary"
               BlueprintIdentifier = "89D2048E21CC7C12001238CC"
               BuildableName = "MockKitUI.framework"
               BlueprintName = "MockKitUI"
               ReferencedContainer = "container:LoopKit/LoopKit.xcodeproj">
            </BuildableReference>
         </BuildActionEntry>
         <BuildActionEntry
            buildForTesting = "YES"
            buildForRunning = "YES"
            buildForProfiling = "YES"
            buildForArchiving = "YES"
            buildForAnalyzing = "YES">
            <BuildableReference
               BuildableIdentifier = "primary"
               BlueprintIdentifier = "C1E34B5A29C7AD01009A50A5"
               BuildableName = "MinimedKitPlugin.loopplugin"
               BlueprintName = "MinimedKitPlugin"
               ReferencedContainer = "container:MinimedKit/MinimedKit.xcodeproj">
            </BuildableReference>
         </BuildActionEntry>
         <BuildActionEntry
            buildForTesting = "YES"
            buildForRunning = "YES"
            buildForProfiling = "YES"
            buildForArchiving = "YES"
            buildForAnalyzing = "YES">
            <BuildableReference
               BuildableIdentifier = "primary"
               BlueprintIdentifier = "C124021629C7D93D00B32844"
               BuildableName = "OmniKitPlugin.loopplugin"
               BlueprintName = "OmniKitPlugin"
               ReferencedContainer = "container:OmniKit/OmniKit.xcodeproj">
            </BuildableReference>
         </BuildActionEntry>
         <BuildActionEntry
            buildForTesting = "YES"
            buildForRunning = "YES"
            buildForProfiling = "YES"
            buildForArchiving = "YES"
            buildForAnalyzing = "YES">
            <BuildableReference
               BuildableIdentifier = "primary"
               BlueprintIdentifier = "C187C196279086A8006E3557"
               BuildableName = "OmniBLEPlugin.loopplugin"
               BlueprintName = "OmniBLEPlugin"
               ReferencedContainer = "container:OmniBLE/OmniBLE.xcodeproj">
            </BuildableReference>
         </BuildActionEntry>
         <BuildActionEntry
            buildForTesting = "YES"
            buildForRunning = "YES"
            buildForProfiling = "YES"
            buildForArchiving = "YES"
            buildForAnalyzing = "YES">
            <BuildableReference
               BuildableIdentifier = "primary"
               BlueprintIdentifier = "3E6007862D0C5D0C00B186D1"
               BuildableName = "DanaKitPlugin.loopplugin"
               BlueprintName = "DanaKitPlugin"
               ReferencedContainer = "container:DanaKit/DanaKit.xcodeproj">
            </BuildableReference>
         </BuildActionEntry>
         <BuildActionEntry
            buildForTesting = "YES"
            buildForRunning = "YES"
            buildForProfiling = "YES"
            buildForArchiving = "YES"
            buildForAnalyzing = "YES">
            <BuildableReference
               BuildableIdentifier = "primary"
               BlueprintIdentifier = "B40BF25D23ABD47400A43CEE"
               BuildableName = "ShareClientPlugin.loopplugin"
               BlueprintName = "ShareClientPlugin"
               ReferencedContainer = "container:dexcom-share-client-swift/ShareClient.xcodeproj">
            </BuildableReference>
         </BuildActionEntry>
         <BuildActionEntry
            buildForTesting = "YES"
            buildForRunning = "YES"
            buildForProfiling = "YES"
            buildForArchiving = "YES"
            buildForAnalyzing = "YES">
            <BuildableReference
               BuildableIdentifier = "primary"
               BlueprintIdentifier = "A94AE4E3235A89B5005CA320"
               BuildableName = "TidepoolServiceKitPlugin.loopplugin"
               BlueprintName = "TidepoolServiceKitPlugin"
               ReferencedContainer = "container:TidepoolService/TidepoolService.xcodeproj">
            </BuildableReference>
         </BuildActionEntry>
         <BuildActionEntry
            buildForTesting = "YES"
            buildForRunning = "YES"
            buildForProfiling = "YES"
            buildForArchiving = "YES"
            buildForAnalyzing = "YES">
            <BuildableReference
               BuildableIdentifier = "primary"
               BlueprintIdentifier = "B4D40D3D23A428BC00D7ECB5"
               BuildableName = "CGMBLEKitG5Plugin.loopplugin"
               BlueprintName = "CGMBLEKitG5Plugin"
               ReferencedContainer = "container:CGMBLEKit/CGMBLEKit.xcodeproj">
            </BuildableReference>
         </BuildActionEntry>
         <BuildActionEntry
            buildForTesting = "YES"
            buildForRunning = "YES"
            buildForProfiling = "YES"
            buildForArchiving = "YES"
            buildForAnalyzing = "YES">
            <BuildableReference
               BuildableIdentifier = "primary"
               BlueprintIdentifier = "B4D40D2D23A3E91800D7ECB5"
               BuildableName = "CGMBLEKitG6Plugin.loopplugin"
               BlueprintName = "CGMBLEKitG6Plugin"
               ReferencedContainer = "container:CGMBLEKit/CGMBLEKit.xcodeproj">
            </BuildableReference>
         </BuildActionEntry>
         <BuildActionEntry
            buildForTesting = "YES"
            buildForRunning = "YES"
            buildForProfiling = "YES"
            buildForArchiving = "YES"
            buildForAnalyzing = "YES">
            <BuildableReference
               BuildableIdentifier = "primary"
               BlueprintIdentifier = "C17F511C291EACCD00555EB5"
               BuildableName = "G7SensorPlugin.loopplugin"
               BlueprintName = "G7SensorPlugin"
               ReferencedContainer = "container:G7SensorKit/G7SensorKit.xcodeproj">
            </BuildableReference>
         </BuildActionEntry>
         <BuildActionEntry
            buildForTesting = "YES"
            buildForRunning = "YES"
            buildForProfiling = "YES"
            buildForArchiving = "YES"
            buildForAnalyzing = "YES">
            <BuildableReference
               BuildableIdentifier = "primary"
               BlueprintIdentifier = "B40BF25D23ABD47400A43CEE"
               BuildableName = "LibreTransmitterPlugin.loopplugin"
               BlueprintName = "LibreTransmitterPlugin"
               ReferencedContainer = "container:LibreTransmitter/LibreTransmitter.xcodeproj">
            </BuildableReference>
         </BuildActionEntry>
         <BuildActionEntry
            buildForTesting = "YES"
            buildForRunning = "YES"
            buildForProfiling = "YES"
            buildForArchiving = "YES"
            buildForAnalyzing = "YES">
            <BuildableReference
               BuildableIdentifier = "primary"
               BlueprintIdentifier = "C1BDBAE72A4397E200A787D1"
               BuildableName = "LibreDemoPlugin.loopplugin"
               BlueprintName = "LibreDemoPlugin"
               ReferencedContainer = "container:LibreTransmitter/LibreTransmitter.xcodeproj">
            </BuildableReference>
         </BuildActionEntry>
         <BuildActionEntry
            buildForTesting = "YES"
            buildForRunning = "YES"
            buildForProfiling = "YES"
            buildForArchiving = "YES"
            buildForAnalyzing = "YES">
            <BuildableReference
               BuildableIdentifier = "primary"
               BlueprintIdentifier = "3E767D422D67B790004B1971"
               BuildableName = "MedtrumKitPlugin.loopplugin"
               BlueprintName = "MedtrumKitPlugin"
               ReferencedContainer = "container:MedtrumKit/MedtrumKit.xcodeproj">
            </BuildableReference>
         </BuildActionEntry>
         <BuildActionEntry
            buildForTesting = "YES"
            buildForRunning = "YES"
            buildForProfiling = "YES"
            buildForArchiving = "YES"
            buildForAnalyzing = "YES">
            <BuildableReference
               BuildableIdentifier = "primary"
               BlueprintIdentifier = "A9BAC72626CDB7A5001C9493"
               BuildableName = "NightscoutRemoteCGMPlugin.loopplugin"
               BlueprintName = "NightscoutRemoteCGMPlugin"
               ReferencedContainer = "container:NightscoutRemoteCGM/NightscoutRemoteCGM.xcodeproj">
            </BuildableReference>
         </BuildActionEntry>
         <BuildActionEntry
            buildForTesting = "YES"
            buildForRunning = "YES"
            buildForProfiling = "YES"
            buildForArchiving = "YES"
            buildForAnalyzing = "YES">
            <BuildableReference
               BuildableIdentifier = "primary"
               BlueprintIdentifier = "388E595725AD948C0019842D"
               BuildableName = "FreeAPS.app"
               BlueprintName = "FreeAPS"
               ReferencedContainer = "container:FreeAPS.xcodeproj">
            </BuildableReference>
         </BuildActionEntry>
         <BuildActionEntry
            buildForTesting = "YES"
            buildForRunning = "NO"
            buildForProfiling = "NO"
            buildForArchiving = "NO"
            buildForAnalyzing = "NO">
            <BuildableReference
               BuildableIdentifier = "primary"
               BlueprintIdentifier = "84752E8A26ED0FFE009FD801"
               BuildableName = "OmniBLETests.xctest"
               BlueprintName = "OmniBLETests"
               ReferencedContainer = "container:OmniBLE/OmniBLE.xcodeproj">
            </BuildableReference>
         </BuildActionEntry>
      </BuildActionEntries>
   </BuildAction>
   <TestAction
      buildConfiguration = "Debug"
      selectedDebuggerIdentifier = "Xcode.DebuggerFoundation.Debugger.LLDB"
      selectedLauncherIdentifier = "Xcode.DebuggerFoundation.Launcher.LLDB"
      shouldUseLaunchSchemeArgsEnv = "YES"
      shouldAutocreateTestPlan = "YES">
   </TestAction>
   <LaunchAction
      buildConfiguration = "Debug"
      selectedDebuggerIdentifier = "Xcode.DebuggerFoundation.Debugger.LLDB"
      selectedLauncherIdentifier = "Xcode.DebuggerFoundation.Launcher.LLDB"
      launchStyle = "0"
      useCustomWorkingDirectory = "NO"
      ignoresPersistentStateOnLaunch = "NO"
      debugDocumentVersioning = "YES"
      debugServiceExtension = "internal"
      allowLocationSimulation = "YES">
      <BuildableProductRunnable
         runnableDebuggingMode = "0">
         <BuildableReference
            BuildableIdentifier = "primary"
            BlueprintIdentifier = "388E595725AD948C0019842D"
            BuildableName = "FreeAPS.app"
            BlueprintName = "FreeAPS"
            ReferencedContainer = "container:FreeAPS.xcodeproj">
         </BuildableReference>
      </BuildableProductRunnable>
      <EnvironmentVariables>
         <EnvironmentVariable
            key = "CG_NUMERICS_SHOW_BACKTRACE"
            value = ""
            isEnabled = "YES">
         </EnvironmentVariable>
         <EnvironmentVariable
            key = "IDEPreferLogStreaming"
            value = "YES"
            isEnabled = "YES">
         </EnvironmentVariable>
      </EnvironmentVariables>
   </LaunchAction>
   <ProfileAction
      buildConfiguration = "Release"
      shouldUseLaunchSchemeArgsEnv = "YES"
      savedToolIdentifier = ""
      useCustomWorkingDirectory = "NO"
      debugDocumentVersioning = "YES">
      <BuildableProductRunnable
         runnableDebuggingMode = "0">
         <BuildableReference
            BuildableIdentifier = "primary"
            BlueprintIdentifier = "388E595725AD948C0019842D"
            BuildableName = "FreeAPS.app"
            BlueprintName = "FreeAPS"
            ReferencedContainer = "container:FreeAPS.xcodeproj">
         </BuildableReference>
      </BuildableProductRunnable>
   </ProfileAction>
   <AnalyzeAction
      buildConfiguration = "Debug">
   </AnalyzeAction>
   <ArchiveAction
      buildConfiguration = "Release"
      revealArchiveInOrganizer = "YES">
   </ArchiveAction>
</Scheme>
