// !$*UTF8*$!
{
	archiveVersion = 1;
	classes = {
	};
	objectVersion = 50;
	objects = {

/* Begin PBXBuildFile section */
		3811DDFF25C9593400A708ED /* MealInputs.swift in Sources */ = {isa = PBXBuildFile; fileRef = 3811DDFE25C9593400A708ED /* MealInputs.swift */; };
		384E803425C385E60086DB71 /* JavaScriptWorker.swift in Sources */ = {isa = PBXBuildFile; fileRef = 384E803325C385E60086DB71 /* JavaScriptWorker.swift */; };
		384E803825C388640086DB71 /* Script.swift in Sources */ = {isa = PBXBuildFile; fileRef = 384E803725C388640086DB71 /* Script.swift */; };
		388E595C25AD948C0019842D /* FreeAPSApp.swift in Sources */ = {isa = PBXBuildFile; fileRef = 388E595B25AD948C0019842D /* FreeAPSApp.swift */; };
		388E595E25AD948C0019842D /* ContentView.swift in Sources */ = {isa = PBXBuildFile; fileRef = 388E595D25AD948C0019842D /* ContentView.swift */; };
		388E596025AD948E0019842D /* Assets.xcassets in Resources */ = {isa = PBXBuildFile; fileRef = 388E595F25AD948E0019842D /* Assets.xcassets */; };
		388E596325AD948E0019842D /* Preview Assets.xcassets in Resources */ = {isa = PBXBuildFile; fileRef = 388E596225AD948E0019842D /* Preview Assets.xcassets */; };
		388E596C25AD95110019842D /* OpenAPS.swift in Sources */ = {isa = PBXBuildFile; fileRef = 388E596B25AD95110019842D /* OpenAPS.swift */; };
		388E596F25AD96040019842D /* javascript in Resources */ = {isa = PBXBuildFile; fileRef = 388E596E25AD96040019842D /* javascript */; };
		388E597225AD9CF10019842D /* json in Resources */ = {isa = PBXBuildFile; fileRef = 388E597125AD9CF10019842D /* json */; };
		388E5A5C25B6F0770019842D /* JSON.swift in Sources */ = {isa = PBXBuildFile; fileRef = 388E5A5B25B6F0770019842D /* JSON.swift */; };
		388E5A6025B6F2310019842D /* Autosens.swift in Sources */ = {isa = PBXBuildFile; fileRef = 388E5A5F25B6F2310019842D /* Autosens.swift */; };
		3895E4C625B9E00D00214B37 /* Profile.swift in Sources */ = {isa = PBXBuildFile; fileRef = 3895E4C525B9E00D00214B37 /* Profile.swift */; };
/* End PBXBuildFile section */

/* Begin PBXFileReference section */
		3811DDFE25C9593400A708ED /* MealInputs.swift */ = {isa = PBXFileReference; lastKnownFileType = sourcecode.swift; path = MealInputs.swift; sourceTree = "<group>"; };
		384E803325C385E60086DB71 /* JavaScriptWorker.swift */ = {isa = PBXFileReference; lastKnownFileType = sourcecode.swift; path = JavaScriptWorker.swift; sourceTree = "<group>"; };
		384E803725C388640086DB71 /* Script.swift */ = {isa = PBXFileReference; lastKnownFileType = sourcecode.swift; path = Script.swift; sourceTree = "<group>"; };
		388E595825AD948C0019842D /* FreeAPS.app */ = {isa = PBXFileReference; explicitFileType = wrapper.application; includeInIndex = 0; path = FreeAPS.app; sourceTree = BUILT_PRODUCTS_DIR; };
		388E595B25AD948C0019842D /* FreeAPSApp.swift */ = {isa = PBXFileReference; lastKnownFileType = sourcecode.swift; path = FreeAPSApp.swift; sourceTree = "<group>"; };
		388E595D25AD948C0019842D /* ContentView.swift */ = {isa = PBXFileReference; lastKnownFileType = sourcecode.swift; path = ContentView.swift; sourceTree = "<group>"; };
		388E595F25AD948E0019842D /* Assets.xcassets */ = {isa = PBXFileReference; lastKnownFileType = folder.assetcatalog; path = Assets.xcassets; sourceTree = "<group>"; };
		388E596225AD948E0019842D /* Preview Assets.xcassets */ = {isa = PBXFileReference; lastKnownFileType = folder.assetcatalog; path = "Preview Assets.xcassets"; sourceTree = "<group>"; };
		388E596425AD948E0019842D /* Info.plist */ = {isa = PBXFileReference; lastKnownFileType = text.plist.xml; path = Info.plist; sourceTree = "<group>"; };
		388E596B25AD95110019842D /* OpenAPS.swift */ = {isa = PBXFileReference; lastKnownFileType = sourcecode.swift; path = OpenAPS.swift; sourceTree = "<group>"; };
		388E596E25AD96040019842D /* javascript */ = {isa = PBXFileReference; lastKnownFileType = folder; path = javascript; sourceTree = "<group>"; };
		388E597125AD9CF10019842D /* json */ = {isa = PBXFileReference; lastKnownFileType = folder; path = json; sourceTree = "<group>"; };
		388E5A5B25B6F0770019842D /* JSON.swift */ = {isa = PBXFileReference; lastKnownFileType = sourcecode.swift; path = JSON.swift; sourceTree = "<group>"; };
		388E5A5F25B6F2310019842D /* Autosens.swift */ = {isa = PBXFileReference; lastKnownFileType = sourcecode.swift; path = Autosens.swift; sourceTree = "<group>"; };
		3895E4C525B9E00D00214B37 /* Profile.swift */ = {isa = PBXFileReference; lastKnownFileType = sourcecode.swift; path = Profile.swift; sourceTree = "<group>"; };
/* End PBXFileReference section */

/* Begin PBXFrameworksBuildPhase section */
		388E595525AD948C0019842D /* Frameworks */ = {
			isa = PBXFrameworksBuildPhase;
			buildActionMask = 2147483647;
			files = (
			);
			runOnlyForDeploymentPostprocessing = 0;
		};
/* End PBXFrameworksBuildPhase section */

/* Begin PBXGroup section */
		388E594F25AD948C0019842D = {
			isa = PBXGroup;
			children = (
				388E595A25AD948C0019842D /* FreeAPS */,
				388E596E25AD96040019842D /* javascript */,
				388E597125AD9CF10019842D /* json */,
				388E595925AD948C0019842D /* Products */,
			);
			sourceTree = "<group>";
		};
		388E595925AD948C0019842D /* Products */ = {
			isa = PBXGroup;
			children = (
				388E595825AD948C0019842D /* FreeAPS.app */,
			);
			name = Products;
			sourceTree = "<group>";
		};
		388E595A25AD948C0019842D /* FreeAPS */ = {
			isa = PBXGroup;
			children = (
				388E5A5A25B6F05F0019842D /* Helpers */,
				388E5A5925B6F0250019842D /* Models */,
				388E5A5825B6F0070019842D /* OpenAPS */,
				388E595B25AD948C0019842D /* FreeAPSApp.swift */,
				388E595D25AD948C0019842D /* ContentView.swift */,
				388E595F25AD948E0019842D /* Assets.xcassets */,
				388E596425AD948E0019842D /* Info.plist */,
				388E596125AD948E0019842D /* Preview Content */,
			);
			path = FreeAPS;
			sourceTree = "<group>";
		};
		388E596125AD948E0019842D /* Preview Content */ = {
			isa = PBXGroup;
			children = (
				388E596225AD948E0019842D /* Preview Assets.xcassets */,
			);
			path = "Preview Content";
			sourceTree = "<group>";
		};
		388E5A5825B6F0070019842D /* OpenAPS */ = {
			isa = PBXGroup;
			children = (
				388E596B25AD95110019842D /* OpenAPS.swift */,
				384E803325C385E60086DB71 /* JavaScriptWorker.swift */,
				384E803725C388640086DB71 /* Script.swift */,
			);
			path = OpenAPS;
			sourceTree = "<group>";
		};
		388E5A5925B6F0250019842D /* Models */ = {
			isa = PBXGroup;
			children = (
				388E5A5F25B6F2310019842D /* Autosens.swift */,
				3895E4C525B9E00D00214B37 /* Profile.swift */,
				3811DDFE25C9593400A708ED /* MealInputs.swift */,
			);
			path = Models;
			sourceTree = "<group>";
		};
		388E5A5A25B6F05F0019842D /* Helpers */ = {
			isa = PBXGroup;
			children = (
				388E5A5B25B6F0770019842D /* JSON.swift */,
			);
			path = Helpers;
			sourceTree = "<group>";
		};
/* End PBXGroup section */

/* Begin PBXNativeTarget section */
		388E595725AD948C0019842D /* FreeAPS */ = {
			isa = PBXNativeTarget;
			buildConfigurationList = 388E596725AD948E0019842D /* Build configuration list for PBXNativeTarget "FreeAPS" */;
			buildPhases = (
				388E595425AD948C0019842D /* Sources */,
				388E595525AD948C0019842D /* Frameworks */,
				388E595625AD948C0019842D /* Resources */,
			);
			buildRules = (
			);
			dependencies = (
			);
			name = FreeAPS;
			productName = FreeAPS;
			productReference = 388E595825AD948C0019842D /* FreeAPS.app */;
			productType = "com.apple.product-type.application";
		};
/* End PBXNativeTarget section */

/* Begin PBXProject section */
		388E595025AD948C0019842D /* Project object */ = {
			isa = PBXProject;
			attributes = {
				LastSwiftUpdateCheck = 1230;
				LastUpgradeCheck = 1230;
				TargetAttributes = {
					388E595725AD948C0019842D = {
						CreatedOnToolsVersion = 12.3;
					};
				};
			};
			buildConfigurationList = 388E595325AD948C0019842D /* Build configuration list for PBXProject "FreeAPS" */;
			compatibilityVersion = "Xcode 9.3";
			developmentRegion = en;
			hasScannedForEncodings = 0;
			knownRegions = (
				en,
				Base,
			);
			mainGroup = 388E594F25AD948C0019842D;
			productRefGroup = 388E595925AD948C0019842D /* Products */;
			projectDirPath = "";
			projectRoot = "";
			targets = (
				388E595725AD948C0019842D /* FreeAPS */,
			);
		};
/* End PBXProject section */

/* Begin PBXResourcesBuildPhase section */
		388E595625AD948C0019842D /* Resources */ = {
			isa = PBXResourcesBuildPhase;
			buildActionMask = 2147483647;
			files = (
				388E596325AD948E0019842D /* Preview Assets.xcassets in Resources */,
				388E596025AD948E0019842D /* Assets.xcassets in Resources */,
				388E597225AD9CF10019842D /* json in Resources */,
				388E596F25AD96040019842D /* javascript in Resources */,
			);
			runOnlyForDeploymentPostprocessing = 0;
		};
/* End PBXResourcesBuildPhase section */

/* Begin PBXSourcesBuildPhase section */
		388E595425AD948C0019842D /* Sources */ = {
			isa = PBXSourcesBuildPhase;
			buildActionMask = 2147483647;
			files = (
				388E5A6025B6F2310019842D /* Autosens.swift in Sources */,
				3811DDFF25C9593400A708ED /* MealInputs.swift in Sources */,
				3895E4C625B9E00D00214B37 /* Profile.swift in Sources */,
				388E596C25AD95110019842D /* OpenAPS.swift in Sources */,
				388E595E25AD948C0019842D /* ContentView.swift in Sources */,
				384E803825C388640086DB71 /* Script.swift in Sources */,
				388E595C25AD948C0019842D /* FreeAPSApp.swift in Sources */,
				388E5A5C25B6F0770019842D /* JSON.swift in Sources */,
				384E803425C385E60086DB71 /* JavaScriptWorker.swift in Sources */,
			);
			runOnlyForDeploymentPostprocessing = 0;
		};
/* End PBXSourcesBuildPhase section */

/* Begin XCBuildConfiguration section */
		388E596525AD948E0019842D /* Debug */ = {
			isa = XCBuildConfiguration;
			buildSettings = {
				ALWAYS_SEARCH_USER_PATHS = NO;
				CLANG_ANALYZER_NONNULL = YES;
				CLANG_ANALYZER_NUMBER_OBJECT_CONVERSION = YES_AGGRESSIVE;
				CLANG_CXX_LANGUAGE_STANDARD = "gnu++14";
				CLANG_CXX_LIBRARY = "libc++";
				CLANG_ENABLE_MODULES = YES;
				CLANG_ENABLE_OBJC_ARC = YES;
				CLANG_ENABLE_OBJC_WEAK = YES;
				CLANG_WARN_BLOCK_CAPTURE_AUTORELEASING = YES;
				CLANG_WARN_BOOL_CONVERSION = YES;
				CLANG_WARN_COMMA = YES;
				CLANG_WARN_CONSTANT_CONVERSION = YES;
				CLANG_WARN_DEPRECATED_OBJC_IMPLEMENTATIONS = YES;
				CLANG_WARN_DIRECT_OBJC_ISA_USAGE = YES_ERROR;
				CLANG_WARN_DOCUMENTATION_COMMENTS = YES;
				CLANG_WARN_EMPTY_BODY = YES;
				CLANG_WARN_ENUM_CONVERSION = YES;
				CLANG_WARN_INFINITE_RECURSION = YES;
				CLANG_WARN_INT_CONVERSION = YES;
				CLANG_WARN_NON_LITERAL_NULL_CONVERSION = YES;
				CLANG_WARN_OBJC_IMPLICIT_RETAIN_SELF = YES;
				CLANG_WARN_OBJC_LITERAL_CONVERSION = YES;
				CLANG_WARN_OBJC_ROOT_CLASS = YES_ERROR;
				CLANG_WARN_QUOTED_INCLUDE_IN_FRAMEWORK_HEADER = YES;
				CLANG_WARN_RANGE_LOOP_ANALYSIS = YES;
				CLANG_WARN_STRICT_PROTOTYPES = YES;
				CLANG_WARN_SUSPICIOUS_MOVE = YES;
				CLANG_WARN_UNGUARDED_AVAILABILITY = YES_AGGRESSIVE;
				CLANG_WARN_UNREACHABLE_CODE = YES;
				CLANG_WARN__DUPLICATE_METHOD_MATCH = YES;
				COPY_PHASE_STRIP = NO;
				DEBUG_INFORMATION_FORMAT = dwarf;
				ENABLE_STRICT_OBJC_MSGSEND = YES;
				ENABLE_TESTABILITY = YES;
				GCC_C_LANGUAGE_STANDARD = gnu11;
				GCC_DYNAMIC_NO_PIC = NO;
				GCC_NO_COMMON_BLOCKS = YES;
				GCC_OPTIMIZATION_LEVEL = 0;
				GCC_PREPROCESSOR_DEFINITIONS = (
					"DEBUG=1",
					"$(inherited)",
				);
				GCC_WARN_64_TO_32_BIT_CONVERSION = YES;
				GCC_WARN_ABOUT_RETURN_TYPE = YES_ERROR;
				GCC_WARN_UNDECLARED_SELECTOR = YES;
				GCC_WARN_UNINITIALIZED_AUTOS = YES_AGGRESSIVE;
				GCC_WARN_UNUSED_FUNCTION = YES;
				GCC_WARN_UNUSED_VARIABLE = YES;
				IPHONEOS_DEPLOYMENT_TARGET = 14.3;
				MTL_ENABLE_DEBUG_INFO = INCLUDE_SOURCE;
				MTL_FAST_MATH = YES;
				ONLY_ACTIVE_ARCH = YES;
				SDKROOT = iphoneos;
				SWIFT_ACTIVE_COMPILATION_CONDITIONS = DEBUG;
				SWIFT_OPTIMIZATION_LEVEL = "-Onone";
			};
			name = Debug;
		};
		388E596625AD948E0019842D /* Release */ = {
			isa = XCBuildConfiguration;
			buildSettings = {
				ALWAYS_SEARCH_USER_PATHS = NO;
				CLANG_ANALYZER_NONNULL = YES;
				CLANG_ANALYZER_NUMBER_OBJECT_CONVERSION = YES_AGGRESSIVE;
				CLANG_CXX_LANGUAGE_STANDARD = "gnu++14";
				CLANG_CXX_LIBRARY = "libc++";
				CLANG_ENABLE_MODULES = YES;
				CLANG_ENABLE_OBJC_ARC = YES;
				CLANG_ENABLE_OBJC_WEAK = YES;
				CLANG_WARN_BLOCK_CAPTURE_AUTORELEASING = YES;
				CLANG_WARN_BOOL_CONVERSION = YES;
				CLANG_WARN_COMMA = YES;
				CLANG_WARN_CONSTANT_CONVERSION = YES;
				CLANG_WARN_DEPRECATED_OBJC_IMPLEMENTATIONS = YES;
				CLANG_WARN_DIRECT_OBJC_ISA_USAGE = YES_ERROR;
				CLANG_WARN_DOCUMENTATION_COMMENTS = YES;
				CLANG_WARN_EMPTY_BODY = YES;
				CLANG_WARN_ENUM_CONVERSION = YES;
				CLANG_WARN_INFINITE_RECURSION = YES;
				CLANG_WARN_INT_CONVERSION = YES;
				CLANG_WARN_NON_LITERAL_NULL_CONVERSION = YES;
				CLANG_WARN_OBJC_IMPLICIT_RETAIN_SELF = YES;
				CLANG_WARN_OBJC_LITERAL_CONVERSION = YES;
				CLANG_WARN_OBJC_ROOT_CLASS = YES_ERROR;
				CLANG_WARN_QUOTED_INCLUDE_IN_FRAMEWORK_HEADER = YES;
				CLANG_WARN_RANGE_LOOP_ANALYSIS = YES;
				CLANG_WARN_STRICT_PROTOTYPES = YES;
				CLANG_WARN_SUSPICIOUS_MOVE = YES;
				CLANG_WARN_UNGUARDED_AVAILABILITY = YES_AGGRESSIVE;
				CLANG_WARN_UNREACHABLE_CODE = YES;
				CLANG_WARN__DUPLICATE_METHOD_MATCH = YES;
				COPY_PHASE_STRIP = NO;
				DEBUG_INFORMATION_FORMAT = "dwarf-with-dsym";
				ENABLE_NS_ASSERTIONS = NO;
				ENABLE_STRICT_OBJC_MSGSEND = YES;
				GCC_C_LANGUAGE_STANDARD = gnu11;
				GCC_NO_COMMON_BLOCKS = YES;
				GCC_WARN_64_TO_32_BIT_CONVERSION = YES;
				GCC_WARN_ABOUT_RETURN_TYPE = YES_ERROR;
				GCC_WARN_UNDECLARED_SELECTOR = YES;
				GCC_WARN_UNINITIALIZED_AUTOS = YES_AGGRESSIVE;
				GCC_WARN_UNUSED_FUNCTION = YES;
				GCC_WARN_UNUSED_VARIABLE = YES;
				IPHONEOS_DEPLOYMENT_TARGET = 14.3;
				MTL_ENABLE_DEBUG_INFO = NO;
				MTL_FAST_MATH = YES;
				SDKROOT = iphoneos;
				SWIFT_COMPILATION_MODE = wholemodule;
				SWIFT_OPTIMIZATION_LEVEL = "-O";
				VALIDATE_PRODUCT = YES;
			};
			name = Release;
		};
		388E596825AD948E0019842D /* Debug */ = {
			isa = XCBuildConfiguration;
			buildSettings = {
				ASSETCATALOG_COMPILER_APPICON_NAME = AppIcon;
				ASSETCATALOG_COMPILER_GLOBAL_ACCENT_COLOR_NAME = AccentColor;
				CODE_SIGN_STYLE = Automatic;
				DEVELOPMENT_ASSET_PATHS = "\"FreeAPS/Preview Content\"";
				DEVELOPMENT_TEAM = BA7ZHP4963;
				ENABLE_PREVIEWS = YES;
				INFOPLIST_FILE = FreeAPS/Info.plist;
				IPHONEOS_DEPLOYMENT_TARGET = 14.0;
				LD_RUNPATH_SEARCH_PATHS = (
					"$(inherited)",
					"@executable_path/Frameworks",
				);
				PRODUCT_BUNDLE_IDENTIFIER = ru.artpancreas.FreeAPS;
				PRODUCT_NAME = "$(TARGET_NAME)";
				SWIFT_VERSION = 5.0;
				TARGETED_DEVICE_FAMILY = "1,2";
			};
			name = Debug;
		};
		388E596925AD948E0019842D /* Release */ = {
			isa = XCBuildConfiguration;
			buildSettings = {
				ASSETCATALOG_COMPILER_APPICON_NAME = AppIcon;
				ASSETCATALOG_COMPILER_GLOBAL_ACCENT_COLOR_NAME = AccentColor;
				CODE_SIGN_STYLE = Automatic;
				DEVELOPMENT_ASSET_PATHS = "\"FreeAPS/Preview Content\"";
				DEVELOPMENT_TEAM = BA7ZHP4963;
				ENABLE_PREVIEWS = YES;
				INFOPLIST_FILE = FreeAPS/Info.plist;
				IPHONEOS_DEPLOYMENT_TARGET = 14.0;
				LD_RUNPATH_SEARCH_PATHS = (
					"$(inherited)",
					"@executable_path/Frameworks",
				);
				PRODUCT_BUNDLE_IDENTIFIER = ru.artpancreas.FreeAPS;
				PRODUCT_NAME = "$(TARGET_NAME)";
				SWIFT_VERSION = 5.0;
				TARGETED_DEVICE_FAMILY = "1,2";
			};
			name = Release;
		};
/* End XCBuildConfiguration section */

/* Begin XCConfigurationList section */
		388E595325AD948C0019842D /* Build configuration list for PBXProject "FreeAPS" */ = {
			isa = XCConfigurationList;
			buildConfigurations = (
				388E596525AD948E0019842D /* Debug */,
				388E596625AD948E0019842D /* Release */,
			);
			defaultConfigurationIsVisible = 0;
			defaultConfigurationName = Release;
		};
		388E596725AD948E0019842D /* Build configuration list for PBXNativeTarget "FreeAPS" */ = {
			isa = XCConfigurationList;
			buildConfigurations = (
				388E596825AD948E0019842D /* Debug */,
				388E596925AD948E0019842D /* Release */,
			);
			defaultConfigurationIsVisible = 0;
			defaultConfigurationName = Release;
		};
/* End XCConfigurationList section */
	};
	rootObject = 388E595025AD948C0019842D /* Project object */;
}
