// !$*UTF8*$!
{
	archiveVersion = 1;
	classes = {
	};
	objectVersion = 52;
	objects = {

/* Begin PBXBuildFile section */
		3811DE0925C9D32F00A708ED /* BaseViewModel.swift in Sources */ = {isa = PBXBuildFile; fileRef = 3811DE0525C9D32E00A708ED /* BaseViewModel.swift */; };
		3811DE0A25C9D32F00A708ED /* BaseModuleBuilder.swift in Sources */ = {isa = PBXBuildFile; fileRef = 3811DE0625C9D32E00A708ED /* BaseModuleBuilder.swift */; };
		3811DE0B25C9D32F00A708ED /* BaseView.swift in Sources */ = {isa = PBXBuildFile; fileRef = 3811DE0725C9D32E00A708ED /* BaseView.swift */; };
		3811DE0C25C9D32F00A708ED /* BaseProvider.swift in Sources */ = {isa = PBXBuildFile; fileRef = 3811DE0825C9D32F00A708ED /* BaseProvider.swift */; };
		3811DE1025C9D37700A708ED /* Swinject in Frameworks */ = {isa = PBXBuildFile; productRef = 3811DE0F25C9D37700A708ED /* Swinject */; };
		3811DE1725C9D40400A708ED /* Screen.swift in Sources */ = {isa = PBXBuildFile; fileRef = 3811DE1525C9D40400A708ED /* Screen.swift */; };
		3811DE1825C9D40400A708ED /* Router.swift in Sources */ = {isa = PBXBuildFile; fileRef = 3811DE1625C9D40400A708ED /* Router.swift */; };
		3811DE2125C9D48300A708ED /* MainBuilder.swift in Sources */ = {isa = PBXBuildFile; fileRef = 3811DE1B25C9D48300A708ED /* MainBuilder.swift */; };
		3811DE2225C9D48300A708ED /* MainProvider.swift in Sources */ = {isa = PBXBuildFile; fileRef = 3811DE1C25C9D48300A708ED /* MainProvider.swift */; };
		3811DE2325C9D48300A708ED /* MainDataFlow.swift in Sources */ = {isa = PBXBuildFile; fileRef = 3811DE1D25C9D48300A708ED /* MainDataFlow.swift */; };
		3811DE2425C9D48300A708ED /* MainViewModel.swift in Sources */ = {isa = PBXBuildFile; fileRef = 3811DE1E25C9D48300A708ED /* MainViewModel.swift */; };
		3811DE2525C9D48300A708ED /* MainRootView.swift in Sources */ = {isa = PBXBuildFile; fileRef = 3811DE2025C9D48300A708ED /* MainRootView.swift */; };
		3811DE3025C9D49500A708ED /* HomeViewModel.swift in Sources */ = {isa = PBXBuildFile; fileRef = 3811DE2825C9D49500A708ED /* HomeViewModel.swift */; };
		3811DE3125C9D49500A708ED /* HomeProvider.swift in Sources */ = {isa = PBXBuildFile; fileRef = 3811DE2925C9D49500A708ED /* HomeProvider.swift */; };
		3811DE3225C9D49500A708ED /* HomeDataFlow.swift in Sources */ = {isa = PBXBuildFile; fileRef = 3811DE2A25C9D49500A708ED /* HomeDataFlow.swift */; };
		3811DE3325C9D49500A708ED /* HomeBuilder.swift in Sources */ = {isa = PBXBuildFile; fileRef = 3811DE2B25C9D49500A708ED /* HomeBuilder.swift */; };
		3811DE3525C9D49500A708ED /* HomeRootView.swift in Sources */ = {isa = PBXBuildFile; fileRef = 3811DE2E25C9D49500A708ED /* HomeRootView.swift */; };
		3811DE3F25C9D4A100A708ED /* SettingsViewModel.swift in Sources */ = {isa = PBXBuildFile; fileRef = 3811DE3925C9D4A100A708ED /* SettingsViewModel.swift */; };
		3811DE4025C9D4A100A708ED /* SettingsBuilder.swift in Sources */ = {isa = PBXBuildFile; fileRef = 3811DE3A25C9D4A100A708ED /* SettingsBuilder.swift */; };
		3811DE4125C9D4A100A708ED /* SettingsRootView.swift in Sources */ = {isa = PBXBuildFile; fileRef = 3811DE3C25C9D4A100A708ED /* SettingsRootView.swift */; };
		3811DE4225C9D4A100A708ED /* SettingsDataFlow.swift in Sources */ = {isa = PBXBuildFile; fileRef = 3811DE3D25C9D4A100A708ED /* SettingsDataFlow.swift */; };
		3811DE4325C9D4A100A708ED /* SettingsProvider.swift in Sources */ = {isa = PBXBuildFile; fileRef = 3811DE3E25C9D4A100A708ED /* SettingsProvider.swift */; };
		3811DE4C25C9D4B800A708ED /* AuthotizedRootBuilder.swift in Sources */ = {isa = PBXBuildFile; fileRef = 3811DE4625C9D4B800A708ED /* AuthotizedRootBuilder.swift */; };
		3811DE4D25C9D4B800A708ED /* AuthotizedRootViewModel.swift in Sources */ = {isa = PBXBuildFile; fileRef = 3811DE4725C9D4B800A708ED /* AuthotizedRootViewModel.swift */; };
		3811DE4E25C9D4B800A708ED /* AuthotizedRootRootView.swift in Sources */ = {isa = PBXBuildFile; fileRef = 3811DE4925C9D4B800A708ED /* AuthotizedRootRootView.swift */; };
		3811DE4F25C9D4B800A708ED /* AuthotizedRootDataFlow.swift in Sources */ = {isa = PBXBuildFile; fileRef = 3811DE4A25C9D4B800A708ED /* AuthotizedRootDataFlow.swift */; };
		3811DE5025C9D4B800A708ED /* AuthotizedRootProvider.swift in Sources */ = {isa = PBXBuildFile; fileRef = 3811DE4B25C9D4B800A708ED /* AuthotizedRootProvider.swift */; };
		3811DE5C25C9D4D500A708ED /* Formatters.swift in Sources */ = {isa = PBXBuildFile; fileRef = 3811DE5425C9D4D500A708ED /* Formatters.swift */; };
		3811DE5D25C9D4D500A708ED /* Publisher.swift in Sources */ = {isa = PBXBuildFile; fileRef = 3811DE5525C9D4D500A708ED /* Publisher.swift */; };
		3811DE5F25C9D4D500A708ED /* ProgressBar.swift in Sources */ = {isa = PBXBuildFile; fileRef = 3811DE5725C9D4D500A708ED /* ProgressBar.swift */; };
		3811DE6125C9D4D500A708ED /* ViewModifiers.swift in Sources */ = {isa = PBXBuildFile; fileRef = 3811DE5925C9D4D500A708ED /* ViewModifiers.swift */; };
		3811DE6A25C9D62600A708ED /* OnboardingBuilder.swift in Sources */ = {isa = PBXBuildFile; fileRef = 3811DE6425C9D62600A708ED /* OnboardingBuilder.swift */; };
		3811DE6B25C9D62600A708ED /* OnboardingProvider.swift in Sources */ = {isa = PBXBuildFile; fileRef = 3811DE6525C9D62600A708ED /* OnboardingProvider.swift */; };
		3811DE6C25C9D62600A708ED /* OnboardingDataFlow.swift in Sources */ = {isa = PBXBuildFile; fileRef = 3811DE6625C9D62600A708ED /* OnboardingDataFlow.swift */; };
		3811DE6D25C9D62600A708ED /* OnboardingRootView.swift in Sources */ = {isa = PBXBuildFile; fileRef = 3811DE6825C9D62600A708ED /* OnboardingRootView.swift */; };
		3811DE6E25C9D62600A708ED /* OnboardingViewModel.swift in Sources */ = {isa = PBXBuildFile; fileRef = 3811DE6925C9D62600A708ED /* OnboardingViewModel.swift */; };
		3811DE7925C9D6D300A708ED /* LoginViewModel.swift in Sources */ = {isa = PBXBuildFile; fileRef = 3811DE7125C9D6D300A708ED /* LoginViewModel.swift */; };
		3811DE7A25C9D6D300A708ED /* LoginDataFlow.swift in Sources */ = {isa = PBXBuildFile; fileRef = 3811DE7225C9D6D300A708ED /* LoginDataFlow.swift */; };
		3811DE7B25C9D6D300A708ED /* LoginProvider.swift in Sources */ = {isa = PBXBuildFile; fileRef = 3811DE7325C9D6D300A708ED /* LoginProvider.swift */; };
		3811DE7D25C9D6D300A708ED /* LoginRootView.swift in Sources */ = {isa = PBXBuildFile; fileRef = 3811DE7625C9D6D300A708ED /* LoginRootView.swift */; };
		3811DE7F25C9D6D300A708ED /* LoginBuilder.swift in Sources */ = {isa = PBXBuildFile; fileRef = 3811DE7825C9D6D300A708ED /* LoginBuilder.swift */; };
		3811DE8825C9D6DD00A708ED /* RequestPermissionsDataFlow.swift in Sources */ = {isa = PBXBuildFile; fileRef = 3811DE8225C9D6DD00A708ED /* RequestPermissionsDataFlow.swift */; };
		3811DE8925C9D6DD00A708ED /* RequestPermissionsProvider.swift in Sources */ = {isa = PBXBuildFile; fileRef = 3811DE8325C9D6DD00A708ED /* RequestPermissionsProvider.swift */; };
		3811DE8A25C9D6DD00A708ED /* RequestPermissionsRootView.swift in Sources */ = {isa = PBXBuildFile; fileRef = 3811DE8525C9D6DD00A708ED /* RequestPermissionsRootView.swift */; };
		3811DE8B25C9D6DD00A708ED /* RequestPermissionsBuilder.swift in Sources */ = {isa = PBXBuildFile; fileRef = 3811DE8625C9D6DD00A708ED /* RequestPermissionsBuilder.swift */; };
		3811DE8C25C9D6DD00A708ED /* RequestPermissionsViewModel.swift in Sources */ = {isa = PBXBuildFile; fileRef = 3811DE8725C9D6DD00A708ED /* RequestPermissionsViewModel.swift */; };
		3811DE8F25C9D80400A708ED /* User.swift in Sources */ = {isa = PBXBuildFile; fileRef = 3811DE8E25C9D80400A708ED /* User.swift */; };
		3811DEA925C9D88300A708ED /* AppearanceManager.swift in Sources */ = {isa = PBXBuildFile; fileRef = 3811DE9325C9D88200A708ED /* AppearanceManager.swift */; };
		3811DEAB25C9D88300A708ED /* HTTPResponseStatus.swift in Sources */ = {isa = PBXBuildFile; fileRef = 3811DE9625C9D88300A708ED /* HTTPResponseStatus.swift */; };
		3811DEAC25C9D88300A708ED /* NetworkManager.swift in Sources */ = {isa = PBXBuildFile; fileRef = 3811DE9725C9D88300A708ED /* NetworkManager.swift */; };
		3811DEAD25C9D88300A708ED /* UserDefaults+Cache.swift in Sources */ = {isa = PBXBuildFile; fileRef = 3811DE9A25C9D88300A708ED /* UserDefaults+Cache.swift */; };
		3811DEAE25C9D88300A708ED /* Cache.swift in Sources */ = {isa = PBXBuildFile; fileRef = 3811DE9B25C9D88300A708ED /* Cache.swift */; };
		3811DEAF25C9D88300A708ED /* KeyValueStorage.swift in Sources */ = {isa = PBXBuildFile; fileRef = 3811DE9C25C9D88300A708ED /* KeyValueStorage.swift */; };
		3811DEB025C9D88300A708ED /* BaseKeychain.swift in Sources */ = {isa = PBXBuildFile; fileRef = 3811DE9E25C9D88300A708ED /* BaseKeychain.swift */; };
		3811DEB125C9D88300A708ED /* Keychain.swift in Sources */ = {isa = PBXBuildFile; fileRef = 3811DE9F25C9D88300A708ED /* Keychain.swift */; };
		3811DEB225C9D88300A708ED /* KeychainItemAccessibility.swift in Sources */ = {isa = PBXBuildFile; fileRef = 3811DEA025C9D88300A708ED /* KeychainItemAccessibility.swift */; };
		3811DEB625C9D88300A708ED /* UnlockManager.swift in Sources */ = {isa = PBXBuildFile; fileRef = 3811DEA625C9D88300A708ED /* UnlockManager.swift */; };
		3811DEB725C9D88300A708ED /* AuthorizationManager.swift in Sources */ = {isa = PBXBuildFile; fileRef = 3811DEA825C9D88300A708ED /* AuthorizationManager.swift */; };
		3811DEC225C9D99900A708ED /* SecurityContainer.swift in Sources */ = {isa = PBXBuildFile; fileRef = 3811DEBE25C9D99900A708ED /* SecurityContainer.swift */; };
		3811DEC325C9D99900A708ED /* UIContainer.swift in Sources */ = {isa = PBXBuildFile; fileRef = 3811DEBF25C9D99900A708ED /* UIContainer.swift */; };
		3811DEC425C9D99900A708ED /* NetworkContainer.swift in Sources */ = {isa = PBXBuildFile; fileRef = 3811DEC025C9D99900A708ED /* NetworkContainer.swift */; };
		3811DEC525C9D99900A708ED /* StorageContainer.swift in Sources */ = {isa = PBXBuildFile; fileRef = 3811DEC125C9D99900A708ED /* StorageContainer.swift */; };
		3811DEE825CA063400A708ED /* Injected.swift in Sources */ = {isa = PBXBuildFile; fileRef = 3811DEE425CA063400A708ED /* Injected.swift */; };
		3811DEEA25CA063400A708ED /* SyncAccess.swift in Sources */ = {isa = PBXBuildFile; fileRef = 3811DEE625CA063400A708ED /* SyncAccess.swift */; };
		3811DEEB25CA063400A708ED /* PersistedProperty.swift in Sources */ = {isa = PBXBuildFile; fileRef = 3811DEE725CA063400A708ED /* PersistedProperty.swift */; };
		3811DF0225CA9FEA00A708ED /* Credentials.swift in Sources */ = {isa = PBXBuildFile; fileRef = 3811DF0125CA9FEA00A708ED /* Credentials.swift */; };
		3811DF0525CAA62600A708ED /* DependeciesContainer.swift in Sources */ = {isa = PBXBuildFile; fileRef = 3811DF0425CAA62600A708ED /* DependeciesContainer.swift */; };
		3811DF0825CAAA4700A708ED /* ServiceContainer.swift in Sources */ = {isa = PBXBuildFile; fileRef = 3811DF0725CAAA4700A708ED /* ServiceContainer.swift */; };
		3811DF0C25CAAABD00A708ED /* APSManager.swift in Sources */ = {isa = PBXBuildFile; fileRef = 3811DF0B25CAAABD00A708ED /* APSManager.swift */; };
		3811DF1025CAAAE200A708ED /* BaseAPSManager.swift in Sources */ = {isa = PBXBuildFile; fileRef = 3811DF0F25CAAAE200A708ED /* BaseAPSManager.swift */; };
		383948D325CD4D6D00E91849 /* Disk in Frameworks */ = {isa = PBXBuildFile; productRef = 383948D225CD4D6D00E91849 /* Disk */; };
		383948D625CD4D8900E91849 /* FileStorage.swift in Sources */ = {isa = PBXBuildFile; fileRef = 383948D525CD4D8900E91849 /* FileStorage.swift */; };
		384E803425C385E60086DB71 /* JavaScriptWorker.swift in Sources */ = {isa = PBXBuildFile; fileRef = 384E803325C385E60086DB71 /* JavaScriptWorker.swift */; };
		384E803825C388640086DB71 /* Script.swift in Sources */ = {isa = PBXBuildFile; fileRef = 384E803725C388640086DB71 /* Script.swift */; };
		388E595C25AD948C0019842D /* FreeAPSApp.swift in Sources */ = {isa = PBXBuildFile; fileRef = 388E595B25AD948C0019842D /* FreeAPSApp.swift */; };
		388E596025AD948E0019842D /* Assets.xcassets in Resources */ = {isa = PBXBuildFile; fileRef = 388E595F25AD948E0019842D /* Assets.xcassets */; };
		388E596325AD948E0019842D /* Preview Assets.xcassets in Resources */ = {isa = PBXBuildFile; fileRef = 388E596225AD948E0019842D /* Preview Assets.xcassets */; };
		388E596C25AD95110019842D /* OpenAPS.swift in Sources */ = {isa = PBXBuildFile; fileRef = 388E596B25AD95110019842D /* OpenAPS.swift */; };
		388E596F25AD96040019842D /* javascript in Resources */ = {isa = PBXBuildFile; fileRef = 388E596E25AD96040019842D /* javascript */; };
		388E597225AD9CF10019842D /* json in Resources */ = {isa = PBXBuildFile; fileRef = 388E597125AD9CF10019842D /* json */; };
		388E5A5C25B6F0770019842D /* JSON.swift in Sources */ = {isa = PBXBuildFile; fileRef = 388E5A5B25B6F0770019842D /* JSON.swift */; };
		388E5A6025B6F2310019842D /* Autosens.swift in Sources */ = {isa = PBXBuildFile; fileRef = 388E5A5F25B6F2310019842D /* Autosens.swift */; };
		3895E4C625B9E00D00214B37 /* Preferences.swift in Sources */ = {isa = PBXBuildFile; fileRef = 3895E4C525B9E00D00214B37 /* Preferences.swift */; };
		38FE826A25CC82DB001FF17A /* NetworkService.swift in Sources */ = {isa = PBXBuildFile; fileRef = 38FE826925CC82DB001FF17A /* NetworkService.swift */; };
		38FE826D25CC8461001FF17A /* NightscoutAPI.swift in Sources */ = {isa = PBXBuildFile; fileRef = 38FE826C25CC8461001FF17A /* NightscoutAPI.swift */; };
		45252C95D220E796FDB3B022 /* ConfigEditorDataFlow.swift in Sources */ = {isa = PBXBuildFile; fileRef = 3F8A87AA037BD079BA3528BA /* ConfigEditorDataFlow.swift */; };
		45717281F743594AA9D87191 /* ConfigEditorRootView.swift in Sources */ = {isa = PBXBuildFile; fileRef = 920DDB21E5D0EB813197500D /* ConfigEditorRootView.swift */; };
		642F76A05A4FF530463A9FD0 /* NightscoutConfigRootView.swift in Sources */ = {isa = PBXBuildFile; fileRef = 8782B44544F38F2B2D82C38E /* NightscoutConfigRootView.swift */; };
		72F1BD388F42FCA6C52E4500 /* ConfigEditorProvider.swift in Sources */ = {isa = PBXBuildFile; fileRef = 44080E4709E3AE4B73054563 /* ConfigEditorProvider.swift */; };
		9825E5E923F0B8FA80C8C7C7 /* NightscoutConfigViewModel.swift in Sources */ = {isa = PBXBuildFile; fileRef = A0A48AE3AC813A49A517846A /* NightscoutConfigViewModel.swift */; };
		BD2B464E0745FBE7B79913F4 /* NightscoutConfigProvider.swift in Sources */ = {isa = PBXBuildFile; fileRef = 3BF768BD6264FF7D71D66767 /* NightscoutConfigProvider.swift */; };
		CDB87FA71A93F3739D3D338E /* NightscoutConfigBuilder.swift in Sources */ = {isa = PBXBuildFile; fileRef = 111579A6E3AC6BFA79C4DD43 /* NightscoutConfigBuilder.swift */; };
		D6DEC113821A7F1056C4AA1E /* NightscoutConfigDataFlow.swift in Sources */ = {isa = PBXBuildFile; fileRef = 2F2A13DF0EDEEEDC4106AA2A /* NightscoutConfigDataFlow.swift */; };
		E102DE9C3E9C8AEDCB3C61BB /* ConfigEditorBuilder.swift in Sources */ = {isa = PBXBuildFile; fileRef = E492D5B2EEF2119977EA2CE4 /* ConfigEditorBuilder.swift */; };
		E39E418C56A5A46B61D960EE /* ConfigEditorViewModel.swift in Sources */ = {isa = PBXBuildFile; fileRef = 5D5B4F8B4194BB7E260EF251 /* ConfigEditorViewModel.swift */; };
/* End PBXBuildFile section */

/* Begin PBXFileReference section */
		111579A6E3AC6BFA79C4DD43 /* NightscoutConfigBuilder.swift */ = {isa = PBXFileReference; includeInIndex = 1; lastKnownFileType = sourcecode.swift; path = NightscoutConfigBuilder.swift; sourceTree = "<group>"; };
		2F2A13DF0EDEEEDC4106AA2A /* NightscoutConfigDataFlow.swift */ = {isa = PBXFileReference; includeInIndex = 1; lastKnownFileType = sourcecode.swift; path = NightscoutConfigDataFlow.swift; sourceTree = "<group>"; };
		3811DE0525C9D32E00A708ED /* BaseViewModel.swift */ = {isa = PBXFileReference; fileEncoding = 4; lastKnownFileType = sourcecode.swift; path = BaseViewModel.swift; sourceTree = "<group>"; };
		3811DE0625C9D32E00A708ED /* BaseModuleBuilder.swift */ = {isa = PBXFileReference; fileEncoding = 4; lastKnownFileType = sourcecode.swift; path = BaseModuleBuilder.swift; sourceTree = "<group>"; };
		3811DE0725C9D32E00A708ED /* BaseView.swift */ = {isa = PBXFileReference; fileEncoding = 4; lastKnownFileType = sourcecode.swift; path = BaseView.swift; sourceTree = "<group>"; };
		3811DE0825C9D32F00A708ED /* BaseProvider.swift */ = {isa = PBXFileReference; fileEncoding = 4; lastKnownFileType = sourcecode.swift; path = BaseProvider.swift; sourceTree = "<group>"; };
		3811DE1525C9D40400A708ED /* Screen.swift */ = {isa = PBXFileReference; fileEncoding = 4; lastKnownFileType = sourcecode.swift; path = Screen.swift; sourceTree = "<group>"; };
		3811DE1625C9D40400A708ED /* Router.swift */ = {isa = PBXFileReference; fileEncoding = 4; lastKnownFileType = sourcecode.swift; path = Router.swift; sourceTree = "<group>"; };
		3811DE1B25C9D48300A708ED /* MainBuilder.swift */ = {isa = PBXFileReference; fileEncoding = 4; lastKnownFileType = sourcecode.swift; path = MainBuilder.swift; sourceTree = "<group>"; };
		3811DE1C25C9D48300A708ED /* MainProvider.swift */ = {isa = PBXFileReference; fileEncoding = 4; lastKnownFileType = sourcecode.swift; path = MainProvider.swift; sourceTree = "<group>"; };
		3811DE1D25C9D48300A708ED /* MainDataFlow.swift */ = {isa = PBXFileReference; fileEncoding = 4; lastKnownFileType = sourcecode.swift; path = MainDataFlow.swift; sourceTree = "<group>"; };
		3811DE1E25C9D48300A708ED /* MainViewModel.swift */ = {isa = PBXFileReference; fileEncoding = 4; lastKnownFileType = sourcecode.swift; path = MainViewModel.swift; sourceTree = "<group>"; };
		3811DE2025C9D48300A708ED /* MainRootView.swift */ = {isa = PBXFileReference; fileEncoding = 4; lastKnownFileType = sourcecode.swift; path = MainRootView.swift; sourceTree = "<group>"; };
		3811DE2825C9D49500A708ED /* HomeViewModel.swift */ = {isa = PBXFileReference; fileEncoding = 4; lastKnownFileType = sourcecode.swift; path = HomeViewModel.swift; sourceTree = "<group>"; };
		3811DE2925C9D49500A708ED /* HomeProvider.swift */ = {isa = PBXFileReference; fileEncoding = 4; lastKnownFileType = sourcecode.swift; path = HomeProvider.swift; sourceTree = "<group>"; };
		3811DE2A25C9D49500A708ED /* HomeDataFlow.swift */ = {isa = PBXFileReference; fileEncoding = 4; lastKnownFileType = sourcecode.swift; path = HomeDataFlow.swift; sourceTree = "<group>"; };
		3811DE2B25C9D49500A708ED /* HomeBuilder.swift */ = {isa = PBXFileReference; fileEncoding = 4; lastKnownFileType = sourcecode.swift; path = HomeBuilder.swift; sourceTree = "<group>"; };
		3811DE2E25C9D49500A708ED /* HomeRootView.swift */ = {isa = PBXFileReference; fileEncoding = 4; lastKnownFileType = sourcecode.swift; path = HomeRootView.swift; sourceTree = "<group>"; };
		3811DE3925C9D4A100A708ED /* SettingsViewModel.swift */ = {isa = PBXFileReference; fileEncoding = 4; lastKnownFileType = sourcecode.swift; path = SettingsViewModel.swift; sourceTree = "<group>"; };
		3811DE3A25C9D4A100A708ED /* SettingsBuilder.swift */ = {isa = PBXFileReference; fileEncoding = 4; lastKnownFileType = sourcecode.swift; path = SettingsBuilder.swift; sourceTree = "<group>"; };
		3811DE3C25C9D4A100A708ED /* SettingsRootView.swift */ = {isa = PBXFileReference; fileEncoding = 4; lastKnownFileType = sourcecode.swift; path = SettingsRootView.swift; sourceTree = "<group>"; };
		3811DE3D25C9D4A100A708ED /* SettingsDataFlow.swift */ = {isa = PBXFileReference; fileEncoding = 4; lastKnownFileType = sourcecode.swift; path = SettingsDataFlow.swift; sourceTree = "<group>"; };
		3811DE3E25C9D4A100A708ED /* SettingsProvider.swift */ = {isa = PBXFileReference; fileEncoding = 4; lastKnownFileType = sourcecode.swift; path = SettingsProvider.swift; sourceTree = "<group>"; };
		3811DE4625C9D4B800A708ED /* AuthotizedRootBuilder.swift */ = {isa = PBXFileReference; fileEncoding = 4; lastKnownFileType = sourcecode.swift; path = AuthotizedRootBuilder.swift; sourceTree = "<group>"; };
		3811DE4725C9D4B800A708ED /* AuthotizedRootViewModel.swift */ = {isa = PBXFileReference; fileEncoding = 4; lastKnownFileType = sourcecode.swift; path = AuthotizedRootViewModel.swift; sourceTree = "<group>"; };
		3811DE4925C9D4B800A708ED /* AuthotizedRootRootView.swift */ = {isa = PBXFileReference; fileEncoding = 4; lastKnownFileType = sourcecode.swift; path = AuthotizedRootRootView.swift; sourceTree = "<group>"; };
		3811DE4A25C9D4B800A708ED /* AuthotizedRootDataFlow.swift */ = {isa = PBXFileReference; fileEncoding = 4; lastKnownFileType = sourcecode.swift; path = AuthotizedRootDataFlow.swift; sourceTree = "<group>"; };
		3811DE4B25C9D4B800A708ED /* AuthotizedRootProvider.swift */ = {isa = PBXFileReference; fileEncoding = 4; lastKnownFileType = sourcecode.swift; path = AuthotizedRootProvider.swift; sourceTree = "<group>"; };
		3811DE5425C9D4D500A708ED /* Formatters.swift */ = {isa = PBXFileReference; fileEncoding = 4; lastKnownFileType = sourcecode.swift; path = Formatters.swift; sourceTree = "<group>"; };
		3811DE5525C9D4D500A708ED /* Publisher.swift */ = {isa = PBXFileReference; fileEncoding = 4; lastKnownFileType = sourcecode.swift; path = Publisher.swift; sourceTree = "<group>"; };
		3811DE5725C9D4D500A708ED /* ProgressBar.swift */ = {isa = PBXFileReference; fileEncoding = 4; lastKnownFileType = sourcecode.swift; path = ProgressBar.swift; sourceTree = "<group>"; };
		3811DE5925C9D4D500A708ED /* ViewModifiers.swift */ = {isa = PBXFileReference; fileEncoding = 4; lastKnownFileType = sourcecode.swift; path = ViewModifiers.swift; sourceTree = "<group>"; };
		3811DE6425C9D62600A708ED /* OnboardingBuilder.swift */ = {isa = PBXFileReference; fileEncoding = 4; lastKnownFileType = sourcecode.swift; path = OnboardingBuilder.swift; sourceTree = "<group>"; };
		3811DE6525C9D62600A708ED /* OnboardingProvider.swift */ = {isa = PBXFileReference; fileEncoding = 4; lastKnownFileType = sourcecode.swift; path = OnboardingProvider.swift; sourceTree = "<group>"; };
		3811DE6625C9D62600A708ED /* OnboardingDataFlow.swift */ = {isa = PBXFileReference; fileEncoding = 4; lastKnownFileType = sourcecode.swift; path = OnboardingDataFlow.swift; sourceTree = "<group>"; };
		3811DE6825C9D62600A708ED /* OnboardingRootView.swift */ = {isa = PBXFileReference; fileEncoding = 4; lastKnownFileType = sourcecode.swift; path = OnboardingRootView.swift; sourceTree = "<group>"; };
		3811DE6925C9D62600A708ED /* OnboardingViewModel.swift */ = {isa = PBXFileReference; fileEncoding = 4; lastKnownFileType = sourcecode.swift; path = OnboardingViewModel.swift; sourceTree = "<group>"; };
		3811DE7125C9D6D300A708ED /* LoginViewModel.swift */ = {isa = PBXFileReference; fileEncoding = 4; lastKnownFileType = sourcecode.swift; path = LoginViewModel.swift; sourceTree = "<group>"; };
		3811DE7225C9D6D300A708ED /* LoginDataFlow.swift */ = {isa = PBXFileReference; fileEncoding = 4; lastKnownFileType = sourcecode.swift; path = LoginDataFlow.swift; sourceTree = "<group>"; };
		3811DE7325C9D6D300A708ED /* LoginProvider.swift */ = {isa = PBXFileReference; fileEncoding = 4; lastKnownFileType = sourcecode.swift; path = LoginProvider.swift; sourceTree = "<group>"; };
		3811DE7625C9D6D300A708ED /* LoginRootView.swift */ = {isa = PBXFileReference; fileEncoding = 4; lastKnownFileType = sourcecode.swift; path = LoginRootView.swift; sourceTree = "<group>"; };
		3811DE7825C9D6D300A708ED /* LoginBuilder.swift */ = {isa = PBXFileReference; fileEncoding = 4; lastKnownFileType = sourcecode.swift; path = LoginBuilder.swift; sourceTree = "<group>"; };
		3811DE8225C9D6DD00A708ED /* RequestPermissionsDataFlow.swift */ = {isa = PBXFileReference; fileEncoding = 4; lastKnownFileType = sourcecode.swift; path = RequestPermissionsDataFlow.swift; sourceTree = "<group>"; };
		3811DE8325C9D6DD00A708ED /* RequestPermissionsProvider.swift */ = {isa = PBXFileReference; fileEncoding = 4; lastKnownFileType = sourcecode.swift; path = RequestPermissionsProvider.swift; sourceTree = "<group>"; };
		3811DE8525C9D6DD00A708ED /* RequestPermissionsRootView.swift */ = {isa = PBXFileReference; fileEncoding = 4; lastKnownFileType = sourcecode.swift; path = RequestPermissionsRootView.swift; sourceTree = "<group>"; };
		3811DE8625C9D6DD00A708ED /* RequestPermissionsBuilder.swift */ = {isa = PBXFileReference; fileEncoding = 4; lastKnownFileType = sourcecode.swift; path = RequestPermissionsBuilder.swift; sourceTree = "<group>"; };
		3811DE8725C9D6DD00A708ED /* RequestPermissionsViewModel.swift */ = {isa = PBXFileReference; fileEncoding = 4; lastKnownFileType = sourcecode.swift; path = RequestPermissionsViewModel.swift; sourceTree = "<group>"; };
		3811DE8E25C9D80400A708ED /* User.swift */ = {isa = PBXFileReference; fileEncoding = 4; lastKnownFileType = sourcecode.swift; path = User.swift; sourceTree = "<group>"; };
		3811DE9325C9D88200A708ED /* AppearanceManager.swift */ = {isa = PBXFileReference; fileEncoding = 4; lastKnownFileType = sourcecode.swift; path = AppearanceManager.swift; sourceTree = "<group>"; };
		3811DE9625C9D88300A708ED /* HTTPResponseStatus.swift */ = {isa = PBXFileReference; fileEncoding = 4; lastKnownFileType = sourcecode.swift; path = HTTPResponseStatus.swift; sourceTree = "<group>"; };
		3811DE9725C9D88300A708ED /* NetworkManager.swift */ = {isa = PBXFileReference; fileEncoding = 4; lastKnownFileType = sourcecode.swift; path = NetworkManager.swift; sourceTree = "<group>"; };
		3811DE9A25C9D88300A708ED /* UserDefaults+Cache.swift */ = {isa = PBXFileReference; fileEncoding = 4; lastKnownFileType = sourcecode.swift; path = "UserDefaults+Cache.swift"; sourceTree = "<group>"; };
		3811DE9B25C9D88300A708ED /* Cache.swift */ = {isa = PBXFileReference; fileEncoding = 4; lastKnownFileType = sourcecode.swift; path = Cache.swift; sourceTree = "<group>"; };
		3811DE9C25C9D88300A708ED /* KeyValueStorage.swift */ = {isa = PBXFileReference; fileEncoding = 4; lastKnownFileType = sourcecode.swift; path = KeyValueStorage.swift; sourceTree = "<group>"; };
		3811DE9E25C9D88300A708ED /* BaseKeychain.swift */ = {isa = PBXFileReference; fileEncoding = 4; lastKnownFileType = sourcecode.swift; path = BaseKeychain.swift; sourceTree = "<group>"; };
		3811DE9F25C9D88300A708ED /* Keychain.swift */ = {isa = PBXFileReference; fileEncoding = 4; lastKnownFileType = sourcecode.swift; path = Keychain.swift; sourceTree = "<group>"; };
		3811DEA025C9D88300A708ED /* KeychainItemAccessibility.swift */ = {isa = PBXFileReference; fileEncoding = 4; lastKnownFileType = sourcecode.swift; path = KeychainItemAccessibility.swift; sourceTree = "<group>"; };
		3811DEA625C9D88300A708ED /* UnlockManager.swift */ = {isa = PBXFileReference; fileEncoding = 4; lastKnownFileType = sourcecode.swift; path = UnlockManager.swift; sourceTree = "<group>"; };
		3811DEA825C9D88300A708ED /* AuthorizationManager.swift */ = {isa = PBXFileReference; fileEncoding = 4; lastKnownFileType = sourcecode.swift; path = AuthorizationManager.swift; sourceTree = "<group>"; };
		3811DEBE25C9D99900A708ED /* SecurityContainer.swift */ = {isa = PBXFileReference; fileEncoding = 4; lastKnownFileType = sourcecode.swift; path = SecurityContainer.swift; sourceTree = "<group>"; };
		3811DEBF25C9D99900A708ED /* UIContainer.swift */ = {isa = PBXFileReference; fileEncoding = 4; lastKnownFileType = sourcecode.swift; path = UIContainer.swift; sourceTree = "<group>"; };
		3811DEC025C9D99900A708ED /* NetworkContainer.swift */ = {isa = PBXFileReference; fileEncoding = 4; lastKnownFileType = sourcecode.swift; path = NetworkContainer.swift; sourceTree = "<group>"; };
		3811DEC125C9D99900A708ED /* StorageContainer.swift */ = {isa = PBXFileReference; fileEncoding = 4; lastKnownFileType = sourcecode.swift; path = StorageContainer.swift; sourceTree = "<group>"; };
		3811DEC725C9DA7300A708ED /* FreeAPS.entitlements */ = {isa = PBXFileReference; lastKnownFileType = text.plist.entitlements; path = FreeAPS.entitlements; sourceTree = "<group>"; };
		3811DEE425CA063400A708ED /* Injected.swift */ = {isa = PBXFileReference; fileEncoding = 4; lastKnownFileType = sourcecode.swift; path = Injected.swift; sourceTree = "<group>"; };
		3811DEE625CA063400A708ED /* SyncAccess.swift */ = {isa = PBXFileReference; fileEncoding = 4; lastKnownFileType = sourcecode.swift; path = SyncAccess.swift; sourceTree = "<group>"; };
		3811DEE725CA063400A708ED /* PersistedProperty.swift */ = {isa = PBXFileReference; fileEncoding = 4; lastKnownFileType = sourcecode.swift; path = PersistedProperty.swift; sourceTree = "<group>"; };
		3811DF0125CA9FEA00A708ED /* Credentials.swift */ = {isa = PBXFileReference; lastKnownFileType = sourcecode.swift; path = Credentials.swift; sourceTree = "<group>"; };
		3811DF0425CAA62600A708ED /* DependeciesContainer.swift */ = {isa = PBXFileReference; fileEncoding = 4; lastKnownFileType = sourcecode.swift; path = DependeciesContainer.swift; sourceTree = "<group>"; };
		3811DF0725CAAA4700A708ED /* ServiceContainer.swift */ = {isa = PBXFileReference; lastKnownFileType = sourcecode.swift; path = ServiceContainer.swift; sourceTree = "<group>"; };
		3811DF0B25CAAABD00A708ED /* APSManager.swift */ = {isa = PBXFileReference; lastKnownFileType = sourcecode.swift; path = APSManager.swift; sourceTree = "<group>"; };
		3811DF0F25CAAAE200A708ED /* BaseAPSManager.swift */ = {isa = PBXFileReference; lastKnownFileType = sourcecode.swift; path = BaseAPSManager.swift; sourceTree = "<group>"; };
		383948D525CD4D8900E91849 /* FileStorage.swift */ = {isa = PBXFileReference; lastKnownFileType = sourcecode.swift; path = FileStorage.swift; sourceTree = "<group>"; };
		384E803325C385E60086DB71 /* JavaScriptWorker.swift */ = {isa = PBXFileReference; lastKnownFileType = sourcecode.swift; path = JavaScriptWorker.swift; sourceTree = "<group>"; };
		384E803725C388640086DB71 /* Script.swift */ = {isa = PBXFileReference; lastKnownFileType = sourcecode.swift; path = Script.swift; sourceTree = "<group>"; };
		388E595825AD948C0019842D /* FreeAPS.app */ = {isa = PBXFileReference; explicitFileType = wrapper.application; includeInIndex = 0; path = FreeAPS.app; sourceTree = BUILT_PRODUCTS_DIR; };
		388E595B25AD948C0019842D /* FreeAPSApp.swift */ = {isa = PBXFileReference; lastKnownFileType = sourcecode.swift; path = FreeAPSApp.swift; sourceTree = "<group>"; };
		388E595F25AD948E0019842D /* Assets.xcassets */ = {isa = PBXFileReference; lastKnownFileType = folder.assetcatalog; path = Assets.xcassets; sourceTree = "<group>"; };
		388E596225AD948E0019842D /* Preview Assets.xcassets */ = {isa = PBXFileReference; lastKnownFileType = folder.assetcatalog; path = "Preview Assets.xcassets"; sourceTree = "<group>"; };
		388E596425AD948E0019842D /* Info.plist */ = {isa = PBXFileReference; lastKnownFileType = text.plist.xml; path = Info.plist; sourceTree = "<group>"; };
		388E596B25AD95110019842D /* OpenAPS.swift */ = {isa = PBXFileReference; lastKnownFileType = sourcecode.swift; path = OpenAPS.swift; sourceTree = "<group>"; };
		388E596E25AD96040019842D /* javascript */ = {isa = PBXFileReference; lastKnownFileType = folder; path = javascript; sourceTree = "<group>"; };
		388E597125AD9CF10019842D /* json */ = {isa = PBXFileReference; lastKnownFileType = folder; path = json; sourceTree = "<group>"; };
		388E5A5B25B6F0770019842D /* JSON.swift */ = {isa = PBXFileReference; lastKnownFileType = sourcecode.swift; path = JSON.swift; sourceTree = "<group>"; };
		388E5A5F25B6F2310019842D /* Autosens.swift */ = {isa = PBXFileReference; lastKnownFileType = sourcecode.swift; path = Autosens.swift; sourceTree = "<group>"; };
		3895E4C525B9E00D00214B37 /* Preferences.swift */ = {isa = PBXFileReference; lastKnownFileType = sourcecode.swift; path = Preferences.swift; sourceTree = "<group>"; };
		38FE826925CC82DB001FF17A /* NetworkService.swift */ = {isa = PBXFileReference; lastKnownFileType = sourcecode.swift; path = NetworkService.swift; sourceTree = "<group>"; };
		38FE826C25CC8461001FF17A /* NightscoutAPI.swift */ = {isa = PBXFileReference; lastKnownFileType = sourcecode.swift; path = NightscoutAPI.swift; sourceTree = "<group>"; };
		3BF768BD6264FF7D71D66767 /* NightscoutConfigProvider.swift */ = {isa = PBXFileReference; includeInIndex = 1; lastKnownFileType = sourcecode.swift; path = NightscoutConfigProvider.swift; sourceTree = "<group>"; };
		3F8A87AA037BD079BA3528BA /* ConfigEditorDataFlow.swift */ = {isa = PBXFileReference; includeInIndex = 1; lastKnownFileType = sourcecode.swift; path = ConfigEditorDataFlow.swift; sourceTree = "<group>"; };
		44080E4709E3AE4B73054563 /* ConfigEditorProvider.swift */ = {isa = PBXFileReference; includeInIndex = 1; lastKnownFileType = sourcecode.swift; path = ConfigEditorProvider.swift; sourceTree = "<group>"; };
		5D5B4F8B4194BB7E260EF251 /* ConfigEditorViewModel.swift */ = {isa = PBXFileReference; includeInIndex = 1; lastKnownFileType = sourcecode.swift; path = ConfigEditorViewModel.swift; sourceTree = "<group>"; };
		8782B44544F38F2B2D82C38E /* NightscoutConfigRootView.swift */ = {isa = PBXFileReference; includeInIndex = 1; lastKnownFileType = sourcecode.swift; path = NightscoutConfigRootView.swift; sourceTree = "<group>"; };
		920DDB21E5D0EB813197500D /* ConfigEditorRootView.swift */ = {isa = PBXFileReference; includeInIndex = 1; lastKnownFileType = sourcecode.swift; path = ConfigEditorRootView.swift; sourceTree = "<group>"; };
		A0A48AE3AC813A49A517846A /* NightscoutConfigViewModel.swift */ = {isa = PBXFileReference; includeInIndex = 1; lastKnownFileType = sourcecode.swift; path = NightscoutConfigViewModel.swift; sourceTree = "<group>"; };
		E492D5B2EEF2119977EA2CE4 /* ConfigEditorBuilder.swift */ = {isa = PBXFileReference; includeInIndex = 1; lastKnownFileType = sourcecode.swift; path = ConfigEditorBuilder.swift; sourceTree = "<group>"; };
/* End PBXFileReference section */

/* Begin PBXFrameworksBuildPhase section */
		388E595525AD948C0019842D /* Frameworks */ = {
			isa = PBXFrameworksBuildPhase;
			buildActionMask = 2147483647;
			files = (
				3811DE1025C9D37700A708ED /* Swinject in Frameworks */,
				383948D325CD4D6D00E91849 /* Disk in Frameworks */,
			);
			runOnlyForDeploymentPostprocessing = 0;
		};
/* End PBXFrameworksBuildPhase section */

/* Begin PBXGroup section */
		0610F7D6D2EC00E3BA1569F0 /* ConfigEditor */ = {
			isa = PBXGroup;
			children = (
				E492D5B2EEF2119977EA2CE4 /* ConfigEditorBuilder.swift */,
				3F8A87AA037BD079BA3528BA /* ConfigEditorDataFlow.swift */,
				44080E4709E3AE4B73054563 /* ConfigEditorProvider.swift */,
				5D5B4F8B4194BB7E260EF251 /* ConfigEditorViewModel.swift */,
				4E8C7B59F8065047ECE20965 /* View */,
			);
			path = ConfigEditor;
			sourceTree = "<group>";
		};
		3811DE0325C9D31700A708ED /* Modules */ = {
			isa = PBXGroup;
			children = (
				3811DE4525C9D4B800A708ED /* AuthotizedRoot */,
				3811DE0425C9D32E00A708ED /* Base */,
				3811DE2725C9D49500A708ED /* Home */,
				3811DE7025C9D6D300A708ED /* Login */,
				3811DE1A25C9D48300A708ED /* Main */,
				3811DE6325C9D62600A708ED /* Onboarding */,
				3811DE8125C9D6DD00A708ED /* RequestPermissions */,
				3811DE3825C9D4A100A708ED /* Settings */,
				0610F7D6D2EC00E3BA1569F0 /* ConfigEditor */,
				D533BF261CDC1C3F871E7BFD /* NightscoutConfig */,
			);
			path = Modules;
			sourceTree = "<group>";
		};
		3811DE0425C9D32E00A708ED /* Base */ = {
			isa = PBXGroup;
			children = (
				3811DE0525C9D32E00A708ED /* BaseViewModel.swift */,
				3811DE0625C9D32E00A708ED /* BaseModuleBuilder.swift */,
				3811DE0725C9D32E00A708ED /* BaseView.swift */,
				3811DE0825C9D32F00A708ED /* BaseProvider.swift */,
			);
			path = Base;
			sourceTree = "<group>";
		};
		3811DE1325C9D39E00A708ED /* Sources */ = {
			isa = PBXGroup;
			children = (
				3811DEDE25C9E2DD00A708ED /* Application */,
				3811DF0A25CAAAA500A708ED /* APS */,
				3811DEBD25C9D99900A708ED /* Containers */,
				388E5A5A25B6F05F0019842D /* Helpers */,
				388E5A5925B6F0250019842D /* Models */,
				3811DE0325C9D31700A708ED /* Modules */,
				3811DE1425C9D40400A708ED /* Router */,
				3811DE9125C9D88200A708ED /* Services */,
			);
			path = Sources;
			sourceTree = "<group>";
		};
		3811DE1425C9D40400A708ED /* Router */ = {
			isa = PBXGroup;
			children = (
				3811DE1525C9D40400A708ED /* Screen.swift */,
				3811DE1625C9D40400A708ED /* Router.swift */,
			);
			path = Router;
			sourceTree = "<group>";
		};
		3811DE1A25C9D48300A708ED /* Main */ = {
			isa = PBXGroup;
			children = (
				3811DE1B25C9D48300A708ED /* MainBuilder.swift */,
				3811DE1C25C9D48300A708ED /* MainProvider.swift */,
				3811DE1D25C9D48300A708ED /* MainDataFlow.swift */,
				3811DE1E25C9D48300A708ED /* MainViewModel.swift */,
				3811DE1F25C9D48300A708ED /* View */,
			);
			path = Main;
			sourceTree = "<group>";
		};
		3811DE1F25C9D48300A708ED /* View */ = {
			isa = PBXGroup;
			children = (
				3811DE2025C9D48300A708ED /* MainRootView.swift */,
			);
			path = View;
			sourceTree = "<group>";
		};
		3811DE2725C9D49500A708ED /* Home */ = {
			isa = PBXGroup;
			children = (
				3811DE2825C9D49500A708ED /* HomeViewModel.swift */,
				3811DE2925C9D49500A708ED /* HomeProvider.swift */,
				3811DE2A25C9D49500A708ED /* HomeDataFlow.swift */,
				3811DE2B25C9D49500A708ED /* HomeBuilder.swift */,
				3811DE2C25C9D49500A708ED /* View */,
			);
			path = Home;
			sourceTree = "<group>";
		};
		3811DE2C25C9D49500A708ED /* View */ = {
			isa = PBXGroup;
			children = (
				3811DE2E25C9D49500A708ED /* HomeRootView.swift */,
			);
			path = View;
			sourceTree = "<group>";
		};
		3811DE3825C9D4A100A708ED /* Settings */ = {
			isa = PBXGroup;
			children = (
				3811DE3A25C9D4A100A708ED /* SettingsBuilder.swift */,
				3811DE3D25C9D4A100A708ED /* SettingsDataFlow.swift */,
				3811DE3E25C9D4A100A708ED /* SettingsProvider.swift */,
				3811DE3925C9D4A100A708ED /* SettingsViewModel.swift */,
				3811DE3B25C9D4A100A708ED /* View */,
			);
			path = Settings;
			sourceTree = "<group>";
		};
		3811DE3B25C9D4A100A708ED /* View */ = {
			isa = PBXGroup;
			children = (
				3811DE3C25C9D4A100A708ED /* SettingsRootView.swift */,
			);
			path = View;
			sourceTree = "<group>";
		};
		3811DE4525C9D4B800A708ED /* AuthotizedRoot */ = {
			isa = PBXGroup;
			children = (
				3811DE4625C9D4B800A708ED /* AuthotizedRootBuilder.swift */,
				3811DE4A25C9D4B800A708ED /* AuthotizedRootDataFlow.swift */,
				3811DE4B25C9D4B800A708ED /* AuthotizedRootProvider.swift */,
				3811DE4725C9D4B800A708ED /* AuthotizedRootViewModel.swift */,
				3811DE4825C9D4B800A708ED /* View */,
			);
			path = AuthotizedRoot;
			sourceTree = "<group>";
		};
		3811DE4825C9D4B800A708ED /* View */ = {
			isa = PBXGroup;
			children = (
				3811DE4925C9D4B800A708ED /* AuthotizedRootRootView.swift */,
			);
			path = View;
			sourceTree = "<group>";
		};
		3811DE6325C9D62600A708ED /* Onboarding */ = {
			isa = PBXGroup;
			children = (
				3811DE6425C9D62600A708ED /* OnboardingBuilder.swift */,
				3811DE6525C9D62600A708ED /* OnboardingProvider.swift */,
				3811DE6625C9D62600A708ED /* OnboardingDataFlow.swift */,
				3811DE6725C9D62600A708ED /* View */,
				3811DE6925C9D62600A708ED /* OnboardingViewModel.swift */,
			);
			path = Onboarding;
			sourceTree = "<group>";
		};
		3811DE6725C9D62600A708ED /* View */ = {
			isa = PBXGroup;
			children = (
				3811DE6825C9D62600A708ED /* OnboardingRootView.swift */,
			);
			path = View;
			sourceTree = "<group>";
		};
		3811DE7025C9D6D300A708ED /* Login */ = {
			isa = PBXGroup;
			children = (
				3811DE7825C9D6D300A708ED /* LoginBuilder.swift */,
				3811DE7225C9D6D300A708ED /* LoginDataFlow.swift */,
				3811DE7325C9D6D300A708ED /* LoginProvider.swift */,
				3811DE7125C9D6D300A708ED /* LoginViewModel.swift */,
				3811DE7425C9D6D300A708ED /* View */,
			);
			path = Login;
			sourceTree = "<group>";
		};
		3811DE7425C9D6D300A708ED /* View */ = {
			isa = PBXGroup;
			children = (
				3811DE7625C9D6D300A708ED /* LoginRootView.swift */,
			);
			path = View;
			sourceTree = "<group>";
		};
		3811DE8125C9D6DD00A708ED /* RequestPermissions */ = {
			isa = PBXGroup;
			children = (
				3811DE8225C9D6DD00A708ED /* RequestPermissionsDataFlow.swift */,
				3811DE8325C9D6DD00A708ED /* RequestPermissionsProvider.swift */,
				3811DE8425C9D6DD00A708ED /* View */,
				3811DE8625C9D6DD00A708ED /* RequestPermissionsBuilder.swift */,
				3811DE8725C9D6DD00A708ED /* RequestPermissionsViewModel.swift */,
			);
			path = RequestPermissions;
			sourceTree = "<group>";
		};
		3811DE8425C9D6DD00A708ED /* View */ = {
			isa = PBXGroup;
			children = (
				3811DE8525C9D6DD00A708ED /* RequestPermissionsRootView.swift */,
			);
			path = View;
			sourceTree = "<group>";
		};
		3811DE9125C9D88200A708ED /* Services */ = {
			isa = PBXGroup;
			children = (
				3811DE9225C9D88200A708ED /* Appearance */,
				3811DE9425C9D88200A708ED /* Network */,
				3811DE9825C9D88300A708ED /* Storage */,
				3811DEA525C9D88300A708ED /* UnlockManager */,
				3811DEA725C9D88300A708ED /* AuthorizationManager */,
			);
			path = Services;
			sourceTree = "<group>";
		};
		3811DE9225C9D88200A708ED /* Appearance */ = {
			isa = PBXGroup;
			children = (
				3811DE9325C9D88200A708ED /* AppearanceManager.swift */,
			);
			path = Appearance;
			sourceTree = "<group>";
		};
		3811DE9425C9D88200A708ED /* Network */ = {
			isa = PBXGroup;
			children = (
				3811DE9625C9D88300A708ED /* HTTPResponseStatus.swift */,
				3811DE9725C9D88300A708ED /* NetworkManager.swift */,
				38FE826925CC82DB001FF17A /* NetworkService.swift */,
				38FE826C25CC8461001FF17A /* NightscoutAPI.swift */,
			);
			path = Network;
			sourceTree = "<group>";
		};
		3811DE9825C9D88300A708ED /* Storage */ = {
			isa = PBXGroup;
			children = (
				383948D525CD4D8900E91849 /* FileStorage.swift */,
				3811DE9C25C9D88300A708ED /* KeyValueStorage.swift */,
				3811DE9925C9D88300A708ED /* Cache */,
				3811DE9D25C9D88300A708ED /* Keychain */,
			);
			path = Storage;
			sourceTree = "<group>";
		};
		3811DE9925C9D88300A708ED /* Cache */ = {
			isa = PBXGroup;
			children = (
				3811DE9A25C9D88300A708ED /* UserDefaults+Cache.swift */,
				3811DE9B25C9D88300A708ED /* Cache.swift */,
			);
			path = Cache;
			sourceTree = "<group>";
		};
		3811DE9D25C9D88300A708ED /* Keychain */ = {
			isa = PBXGroup;
			children = (
				3811DE9E25C9D88300A708ED /* BaseKeychain.swift */,
				3811DE9F25C9D88300A708ED /* Keychain.swift */,
				3811DEA025C9D88300A708ED /* KeychainItemAccessibility.swift */,
			);
			path = Keychain;
			sourceTree = "<group>";
		};
		3811DEA525C9D88300A708ED /* UnlockManager */ = {
			isa = PBXGroup;
			children = (
				3811DEA625C9D88300A708ED /* UnlockManager.swift */,
			);
			path = UnlockManager;
			sourceTree = "<group>";
		};
		3811DEA725C9D88300A708ED /* AuthorizationManager */ = {
			isa = PBXGroup;
			children = (
				3811DEA825C9D88300A708ED /* AuthorizationManager.swift */,
			);
			path = AuthorizationManager;
			sourceTree = "<group>";
		};
		3811DEBD25C9D99900A708ED /* Containers */ = {
			isa = PBXGroup;
			children = (
				3811DF0425CAA62600A708ED /* DependeciesContainer.swift */,
				3811DEBE25C9D99900A708ED /* SecurityContainer.swift */,
				3811DEBF25C9D99900A708ED /* UIContainer.swift */,
				3811DEC025C9D99900A708ED /* NetworkContainer.swift */,
				3811DEC125C9D99900A708ED /* StorageContainer.swift */,
				3811DF0725CAAA4700A708ED /* ServiceContainer.swift */,
			);
			path = Containers;
			sourceTree = "<group>";
		};
		3811DED425C9E1E300A708ED /* Resources */ = {
			isa = PBXGroup;
			children = (
				388E597125AD9CF10019842D /* json */,
				388E596E25AD96040019842D /* javascript */,
				3811DEC725C9DA7300A708ED /* FreeAPS.entitlements */,
				388E596425AD948E0019842D /* Info.plist */,
				388E595F25AD948E0019842D /* Assets.xcassets */,
			);
			path = Resources;
			sourceTree = "<group>";
		};
		3811DEDE25C9E2DD00A708ED /* Application */ = {
			isa = PBXGroup;
			children = (
				388E595B25AD948C0019842D /* FreeAPSApp.swift */,
			);
			path = Application;
			sourceTree = "<group>";
		};
		3811DEE325CA063400A708ED /* PropertyWrappers */ = {
			isa = PBXGroup;
			children = (
				3811DEE425CA063400A708ED /* Injected.swift */,
				3811DEE625CA063400A708ED /* SyncAccess.swift */,
				3811DEE725CA063400A708ED /* PersistedProperty.swift */,
			);
			path = PropertyWrappers;
			sourceTree = "<group>";
		};
		3811DF0A25CAAAA500A708ED /* APS */ = {
			isa = PBXGroup;
			children = (
				3811DF0B25CAAABD00A708ED /* APSManager.swift */,
				3811DF0F25CAAAE200A708ED /* BaseAPSManager.swift */,
				388E5A5825B6F0070019842D /* OpenAPS */,
			);
			path = APS;
			sourceTree = "<group>";
		};
		388E594F25AD948C0019842D = {
			isa = PBXGroup;
			children = (
				388E595A25AD948C0019842D /* FreeAPS */,
				388E595925AD948C0019842D /* Products */,
			);
			sourceTree = "<group>";
		};
		388E595925AD948C0019842D /* Products */ = {
			isa = PBXGroup;
			children = (
				388E595825AD948C0019842D /* FreeAPS.app */,
			);
			name = Products;
			sourceTree = "<group>";
		};
		388E595A25AD948C0019842D /* FreeAPS */ = {
			isa = PBXGroup;
			children = (
				388E596125AD948E0019842D /* Preview Content */,
				3811DED425C9E1E300A708ED /* Resources */,
				3811DE1325C9D39E00A708ED /* Sources */,
			);
			path = FreeAPS;
			sourceTree = "<group>";
		};
		388E596125AD948E0019842D /* Preview Content */ = {
			isa = PBXGroup;
			children = (
				388E596225AD948E0019842D /* Preview Assets.xcassets */,
			);
			path = "Preview Content";
			sourceTree = "<group>";
		};
		388E5A5825B6F0070019842D /* OpenAPS */ = {
			isa = PBXGroup;
			children = (
				388E596B25AD95110019842D /* OpenAPS.swift */,
				384E803325C385E60086DB71 /* JavaScriptWorker.swift */,
				384E803725C388640086DB71 /* Script.swift */,
			);
			path = OpenAPS;
			sourceTree = "<group>";
		};
		388E5A5925B6F0250019842D /* Models */ = {
			isa = PBXGroup;
			children = (
				3811DE8E25C9D80400A708ED /* User.swift */,
				388E5A5F25B6F2310019842D /* Autosens.swift */,
				3895E4C525B9E00D00214B37 /* Preferences.swift */,
				3811DF0125CA9FEA00A708ED /* Credentials.swift */,
			);
			path = Models;
			sourceTree = "<group>";
		};
		388E5A5A25B6F05F0019842D /* Helpers */ = {
			isa = PBXGroup;
			children = (
				3811DEE325CA063400A708ED /* PropertyWrappers */,
				3811DE5425C9D4D500A708ED /* Formatters.swift */,
				3811DE5725C9D4D500A708ED /* ProgressBar.swift */,
				3811DE5525C9D4D500A708ED /* Publisher.swift */,
				3811DE5925C9D4D500A708ED /* ViewModifiers.swift */,
				388E5A5B25B6F0770019842D /* JSON.swift */,
			);
			path = Helpers;
			sourceTree = "<group>";
		};
		4E8C7B59F8065047ECE20965 /* View */ = {
			isa = PBXGroup;
			children = (
				920DDB21E5D0EB813197500D /* ConfigEditorRootView.swift */,
			);
			path = View;
			sourceTree = "<group>";
		};
		4F4AE4D901E8BA872B207D7F /* View */ = {
			isa = PBXGroup;
			children = (
				8782B44544F38F2B2D82C38E /* NightscoutConfigRootView.swift */,
			);
			path = View;
			sourceTree = "<group>";
		};
		D533BF261CDC1C3F871E7BFD /* NightscoutConfig */ = {
			isa = PBXGroup;
			children = (
				111579A6E3AC6BFA79C4DD43 /* NightscoutConfigBuilder.swift */,
				2F2A13DF0EDEEEDC4106AA2A /* NightscoutConfigDataFlow.swift */,
				3BF768BD6264FF7D71D66767 /* NightscoutConfigProvider.swift */,
				A0A48AE3AC813A49A517846A /* NightscoutConfigViewModel.swift */,
				4F4AE4D901E8BA872B207D7F /* View */,
			);
			path = NightscoutConfig;
			sourceTree = "<group>";
		};
/* End PBXGroup section */

/* Begin PBXNativeTarget section */
		388E595725AD948C0019842D /* FreeAPS */ = {
			isa = PBXNativeTarget;
			buildConfigurationList = 388E596725AD948E0019842D /* Build configuration list for PBXNativeTarget "FreeAPS" */;
			buildPhases = (
				3811DEF525CA169200A708ED /* Swiftformat */,
				388E595425AD948C0019842D /* Sources */,
				388E595525AD948C0019842D /* Frameworks */,
				388E595625AD948C0019842D /* Resources */,
			);
			buildRules = (
			);
			dependencies = (
			);
			name = FreeAPS;
			packageProductDependencies = (
				3811DE0F25C9D37700A708ED /* Swinject */,
				383948D225CD4D6D00E91849 /* Disk */,
			);
			productName = FreeAPS;
			productReference = 388E595825AD948C0019842D /* FreeAPS.app */;
			productType = "com.apple.product-type.application";
		};
/* End PBXNativeTarget section */

/* Begin PBXProject section */
		388E595025AD948C0019842D /* Project object */ = {
			isa = PBXProject;
			attributes = {
				LastSwiftUpdateCheck = 1230;
				LastUpgradeCheck = 1230;
				TargetAttributes = {
					388E595725AD948C0019842D = {
						CreatedOnToolsVersion = 12.3;
					};
				};
			};
			buildConfigurationList = 388E595325AD948C0019842D /* Build configuration list for PBXProject "FreeAPS" */;
			compatibilityVersion = "Xcode 9.3";
			developmentRegion = en;
			hasScannedForEncodings = 0;
			knownRegions = (
				en,
				Base,
			);
			mainGroup = 388E594F25AD948C0019842D;
			packageReferences = (
				3811DE0E25C9D37700A708ED /* XCRemoteSwiftPackageReference "Swinject" */,
				383948D125CD4D6D00E91849 /* XCRemoteSwiftPackageReference "Disk" */,
			);
			productRefGroup = 388E595925AD948C0019842D /* Products */;
			projectDirPath = "";
			projectRoot = "";
			targets = (
				388E595725AD948C0019842D /* FreeAPS */,
			);
		};
/* End PBXProject section */

/* Begin PBXResourcesBuildPhase section */
		388E595625AD948C0019842D /* Resources */ = {
			isa = PBXResourcesBuildPhase;
			buildActionMask = 2147483647;
			files = (
				388E596325AD948E0019842D /* Preview Assets.xcassets in Resources */,
				388E596025AD948E0019842D /* Assets.xcassets in Resources */,
				388E597225AD9CF10019842D /* json in Resources */,
				388E596F25AD96040019842D /* javascript in Resources */,
			);
			runOnlyForDeploymentPostprocessing = 0;
		};
/* End PBXResourcesBuildPhase section */

/* Begin PBXShellScriptBuildPhase section */
		3811DEF525CA169200A708ED /* Swiftformat */ = {
			isa = PBXShellScriptBuildPhase;
			buildActionMask = 2147483647;
			files = (
			);
			inputFileListPaths = (
			);
			inputPaths = (
			);
			name = Swiftformat;
			outputFileListPaths = (
			);
			outputPaths = (
			);
			runOnlyForDeploymentPostprocessing = 0;
			shellPath = /bin/sh;
			shellScript = "source \"${SRCROOT}\"/scripts/swiftformat.sh\n\n";
		};
/* End PBXShellScriptBuildPhase section */

/* Begin PBXSourcesBuildPhase section */
		388E595425AD948C0019842D /* Sources */ = {
			isa = PBXSourcesBuildPhase;
			buildActionMask = 2147483647;
			files = (
				3811DE2325C9D48300A708ED /* MainDataFlow.swift in Sources */,
				3811DEEB25CA063400A708ED /* PersistedProperty.swift in Sources */,
				388E5A6025B6F2310019842D /* Autosens.swift in Sources */,
				3811DE8B25C9D6DD00A708ED /* RequestPermissionsBuilder.swift in Sources */,
				3811DE4C25C9D4B800A708ED /* AuthotizedRootBuilder.swift in Sources */,
				3811DE8F25C9D80400A708ED /* User.swift in Sources */,
				3811DF0C25CAAABD00A708ED /* APSManager.swift in Sources */,
				3811DEB225C9D88300A708ED /* KeychainItemAccessibility.swift in Sources */,
				3811DE6B25C9D62600A708ED /* OnboardingProvider.swift in Sources */,
				3811DEC225C9D99900A708ED /* SecurityContainer.swift in Sources */,
				3895E4C625B9E00D00214B37 /* Preferences.swift in Sources */,
				3811DE6E25C9D62600A708ED /* OnboardingViewModel.swift in Sources */,
				3811DE6D25C9D62600A708ED /* OnboardingRootView.swift in Sources */,
				3811DE3025C9D49500A708ED /* HomeViewModel.swift in Sources */,
				3811DF0525CAA62600A708ED /* DependeciesContainer.swift in Sources */,
				3811DF1025CAAAE200A708ED /* BaseAPSManager.swift in Sources */,
				3811DE0A25C9D32F00A708ED /* BaseModuleBuilder.swift in Sources */,
				3811DE1725C9D40400A708ED /* Screen.swift in Sources */,
				388E596C25AD95110019842D /* OpenAPS.swift in Sources */,
				384E803825C388640086DB71 /* Script.swift in Sources */,
				3811DE0925C9D32F00A708ED /* BaseViewModel.swift in Sources */,
				3811DEB125C9D88300A708ED /* Keychain.swift in Sources */,
				3811DE7B25C9D6D300A708ED /* LoginProvider.swift in Sources */,
				383948D625CD4D8900E91849 /* FileStorage.swift in Sources */,
				3811DE4125C9D4A100A708ED /* SettingsRootView.swift in Sources */,
				388E595C25AD948C0019842D /* FreeAPSApp.swift in Sources */,
				3811DE8925C9D6DD00A708ED /* RequestPermissionsProvider.swift in Sources */,
				3811DE4225C9D4A100A708ED /* SettingsDataFlow.swift in Sources */,
				3811DE8825C9D6DD00A708ED /* RequestPermissionsDataFlow.swift in Sources */,
				3811DE8A25C9D6DD00A708ED /* RequestPermissionsRootView.swift in Sources */,
				3811DE2525C9D48300A708ED /* MainRootView.swift in Sources */,
				3811DE8C25C9D6DD00A708ED /* RequestPermissionsViewModel.swift in Sources */,
				3811DE3125C9D49500A708ED /* HomeProvider.swift in Sources */,
				388E5A5C25B6F0770019842D /* JSON.swift in Sources */,
				3811DF0225CA9FEA00A708ED /* Credentials.swift in Sources */,
				3811DEB625C9D88300A708ED /* UnlockManager.swift in Sources */,
				3811DE1825C9D40400A708ED /* Router.swift in Sources */,
				3811DEE825CA063400A708ED /* Injected.swift in Sources */,
				3811DEAF25C9D88300A708ED /* KeyValueStorage.swift in Sources */,
				38FE826D25CC8461001FF17A /* NightscoutAPI.swift in Sources */,
				3811DE4E25C9D4B800A708ED /* AuthotizedRootRootView.swift in Sources */,
				3811DE7D25C9D6D300A708ED /* LoginRootView.swift in Sources */,
				3811DE4025C9D4A100A708ED /* SettingsBuilder.swift in Sources */,
				3811DE0B25C9D32F00A708ED /* BaseView.swift in Sources */,
				3811DE3225C9D49500A708ED /* HomeDataFlow.swift in Sources */,
				384E803425C385E60086DB71 /* JavaScriptWorker.swift in Sources */,
				3811DE7A25C9D6D300A708ED /* LoginDataFlow.swift in Sources */,
				3811DE5D25C9D4D500A708ED /* Publisher.swift in Sources */,
				3811DEAE25C9D88300A708ED /* Cache.swift in Sources */,
				3811DEAD25C9D88300A708ED /* UserDefaults+Cache.swift in Sources */,
				3811DE2225C9D48300A708ED /* MainProvider.swift in Sources */,
				3811DE0C25C9D32F00A708ED /* BaseProvider.swift in Sources */,
				3811DE5C25C9D4D500A708ED /* Formatters.swift in Sources */,
				3811DEC525C9D99900A708ED /* StorageContainer.swift in Sources */,
				3811DE7F25C9D6D300A708ED /* LoginBuilder.swift in Sources */,
				3811DE3525C9D49500A708ED /* HomeRootView.swift in Sources */,
				3811DEC325C9D99900A708ED /* UIContainer.swift in Sources */,
				3811DE6125C9D4D500A708ED /* ViewModifiers.swift in Sources */,
				3811DEAC25C9D88300A708ED /* NetworkManager.swift in Sources */,
				3811DE3325C9D49500A708ED /* HomeBuilder.swift in Sources */,
				3811DEA925C9D88300A708ED /* AppearanceManager.swift in Sources */,
				3811DE2125C9D48300A708ED /* MainBuilder.swift in Sources */,
				3811DE7925C9D6D300A708ED /* LoginViewModel.swift in Sources */,
				3811DEAB25C9D88300A708ED /* HTTPResponseStatus.swift in Sources */,
				3811DE5F25C9D4D500A708ED /* ProgressBar.swift in Sources */,
				3811DEEA25CA063400A708ED /* SyncAccess.swift in Sources */,
				3811DE4F25C9D4B800A708ED /* AuthotizedRootDataFlow.swift in Sources */,
				3811DE5025C9D4B800A708ED /* AuthotizedRootProvider.swift in Sources */,
				38FE826A25CC82DB001FF17A /* NetworkService.swift in Sources */,
				3811DE6C25C9D62600A708ED /* OnboardingDataFlow.swift in Sources */,
				3811DE2425C9D48300A708ED /* MainViewModel.swift in Sources */,
				3811DE3F25C9D4A100A708ED /* SettingsViewModel.swift in Sources */,
				3811DEB725C9D88300A708ED /* AuthorizationManager.swift in Sources */,
				3811DF0825CAAA4700A708ED /* ServiceContainer.swift in Sources */,
				3811DEB025C9D88300A708ED /* BaseKeychain.swift in Sources */,
				3811DE4D25C9D4B800A708ED /* AuthotizedRootViewModel.swift in Sources */,
				3811DE6A25C9D62600A708ED /* OnboardingBuilder.swift in Sources */,
				3811DEC425C9D99900A708ED /* NetworkContainer.swift in Sources */,
				3811DE4325C9D4A100A708ED /* SettingsProvider.swift in Sources */,
				E102DE9C3E9C8AEDCB3C61BB /* ConfigEditorBuilder.swift in Sources */,
				45252C95D220E796FDB3B022 /* ConfigEditorDataFlow.swift in Sources */,
				72F1BD388F42FCA6C52E4500 /* ConfigEditorProvider.swift in Sources */,
				E39E418C56A5A46B61D960EE /* ConfigEditorViewModel.swift in Sources */,
				45717281F743594AA9D87191 /* ConfigEditorRootView.swift in Sources */,
				CDB87FA71A93F3739D3D338E /* NightscoutConfigBuilder.swift in Sources */,
				D6DEC113821A7F1056C4AA1E /* NightscoutConfigDataFlow.swift in Sources */,
				BD2B464E0745FBE7B79913F4 /* NightscoutConfigProvider.swift in Sources */,
				9825E5E923F0B8FA80C8C7C7 /* NightscoutConfigViewModel.swift in Sources */,
				642F76A05A4FF530463A9FD0 /* NightscoutConfigRootView.swift in Sources */,
			);
			runOnlyForDeploymentPostprocessing = 0;
		};
/* End PBXSourcesBuildPhase section */

/* Begin XCBuildConfiguration section */
		388E596525AD948E0019842D /* Debug */ = {
			isa = XCBuildConfiguration;
			buildSettings = {
				ALWAYS_SEARCH_USER_PATHS = NO;
				CLANG_ANALYZER_NONNULL = YES;
				CLANG_ANALYZER_NUMBER_OBJECT_CONVERSION = YES_AGGRESSIVE;
				CLANG_CXX_LANGUAGE_STANDARD = "gnu++14";
				CLANG_CXX_LIBRARY = "libc++";
				CLANG_ENABLE_MODULES = YES;
				CLANG_ENABLE_OBJC_ARC = YES;
				CLANG_ENABLE_OBJC_WEAK = YES;
				CLANG_WARN_BLOCK_CAPTURE_AUTORELEASING = YES;
				CLANG_WARN_BOOL_CONVERSION = YES;
				CLANG_WARN_COMMA = YES;
				CLANG_WARN_CONSTANT_CONVERSION = YES;
				CLANG_WARN_DEPRECATED_OBJC_IMPLEMENTATIONS = YES;
				CLANG_WARN_DIRECT_OBJC_ISA_USAGE = YES_ERROR;
				CLANG_WARN_DOCUMENTATION_COMMENTS = YES;
				CLANG_WARN_EMPTY_BODY = YES;
				CLANG_WARN_ENUM_CONVERSION = YES;
				CLANG_WARN_INFINITE_RECURSION = YES;
				CLANG_WARN_INT_CONVERSION = YES;
				CLANG_WARN_NON_LITERAL_NULL_CONVERSION = YES;
				CLANG_WARN_OBJC_IMPLICIT_RETAIN_SELF = YES;
				CLANG_WARN_OBJC_LITERAL_CONVERSION = YES;
				CLANG_WARN_OBJC_ROOT_CLASS = YES_ERROR;
				CLANG_WARN_QUOTED_INCLUDE_IN_FRAMEWORK_HEADER = YES;
				CLANG_WARN_RANGE_LOOP_ANALYSIS = YES;
				CLANG_WARN_STRICT_PROTOTYPES = YES;
				CLANG_WARN_SUSPICIOUS_MOVE = YES;
				CLANG_WARN_UNGUARDED_AVAILABILITY = YES_AGGRESSIVE;
				CLANG_WARN_UNREACHABLE_CODE = YES;
				CLANG_WARN__DUPLICATE_METHOD_MATCH = YES;
				COPY_PHASE_STRIP = NO;
				DEBUG_INFORMATION_FORMAT = dwarf;
				ENABLE_STRICT_OBJC_MSGSEND = YES;
				ENABLE_TESTABILITY = YES;
				GCC_C_LANGUAGE_STANDARD = gnu11;
				GCC_DYNAMIC_NO_PIC = NO;
				GCC_NO_COMMON_BLOCKS = YES;
				GCC_OPTIMIZATION_LEVEL = 0;
				GCC_PREPROCESSOR_DEFINITIONS = (
					"DEBUG=1",
					"$(inherited)",
				);
				GCC_WARN_64_TO_32_BIT_CONVERSION = YES;
				GCC_WARN_ABOUT_RETURN_TYPE = YES_ERROR;
				GCC_WARN_UNDECLARED_SELECTOR = YES;
				GCC_WARN_UNINITIALIZED_AUTOS = YES_AGGRESSIVE;
				GCC_WARN_UNUSED_FUNCTION = YES;
				GCC_WARN_UNUSED_VARIABLE = YES;
				IPHONEOS_DEPLOYMENT_TARGET = 14.3;
				MTL_ENABLE_DEBUG_INFO = INCLUDE_SOURCE;
				MTL_FAST_MATH = YES;
				ONLY_ACTIVE_ARCH = YES;
				SDKROOT = iphoneos;
				SWIFT_ACTIVE_COMPILATION_CONDITIONS = DEBUG;
				SWIFT_OPTIMIZATION_LEVEL = "-Onone";
			};
			name = Debug;
		};
		388E596625AD948E0019842D /* Release */ = {
			isa = XCBuildConfiguration;
			buildSettings = {
				ALWAYS_SEARCH_USER_PATHS = NO;
				CLANG_ANALYZER_NONNULL = YES;
				CLANG_ANALYZER_NUMBER_OBJECT_CONVERSION = YES_AGGRESSIVE;
				CLANG_CXX_LANGUAGE_STANDARD = "gnu++14";
				CLANG_CXX_LIBRARY = "libc++";
				CLANG_ENABLE_MODULES = YES;
				CLANG_ENABLE_OBJC_ARC = YES;
				CLANG_ENABLE_OBJC_WEAK = YES;
				CLANG_WARN_BLOCK_CAPTURE_AUTORELEASING = YES;
				CLANG_WARN_BOOL_CONVERSION = YES;
				CLANG_WARN_COMMA = YES;
				CLANG_WARN_CONSTANT_CONVERSION = YES;
				CLANG_WARN_DEPRECATED_OBJC_IMPLEMENTATIONS = YES;
				CLANG_WARN_DIRECT_OBJC_ISA_USAGE = YES_ERROR;
				CLANG_WARN_DOCUMENTATION_COMMENTS = YES;
				CLANG_WARN_EMPTY_BODY = YES;
				CLANG_WARN_ENUM_CONVERSION = YES;
				CLANG_WARN_INFINITE_RECURSION = YES;
				CLANG_WARN_INT_CONVERSION = YES;
				CLANG_WARN_NON_LITERAL_NULL_CONVERSION = YES;
				CLANG_WARN_OBJC_IMPLICIT_RETAIN_SELF = YES;
				CLANG_WARN_OBJC_LITERAL_CONVERSION = YES;
				CLANG_WARN_OBJC_ROOT_CLASS = YES_ERROR;
				CLANG_WARN_QUOTED_INCLUDE_IN_FRAMEWORK_HEADER = YES;
				CLANG_WARN_RANGE_LOOP_ANALYSIS = YES;
				CLANG_WARN_STRICT_PROTOTYPES = YES;
				CLANG_WARN_SUSPICIOUS_MOVE = YES;
				CLANG_WARN_UNGUARDED_AVAILABILITY = YES_AGGRESSIVE;
				CLANG_WARN_UNREACHABLE_CODE = YES;
				CLANG_WARN__DUPLICATE_METHOD_MATCH = YES;
				COPY_PHASE_STRIP = NO;
				DEBUG_INFORMATION_FORMAT = "dwarf-with-dsym";
				ENABLE_NS_ASSERTIONS = NO;
				ENABLE_STRICT_OBJC_MSGSEND = YES;
				GCC_C_LANGUAGE_STANDARD = gnu11;
				GCC_NO_COMMON_BLOCKS = YES;
				GCC_WARN_64_TO_32_BIT_CONVERSION = YES;
				GCC_WARN_ABOUT_RETURN_TYPE = YES_ERROR;
				GCC_WARN_UNDECLARED_SELECTOR = YES;
				GCC_WARN_UNINITIALIZED_AUTOS = YES_AGGRESSIVE;
				GCC_WARN_UNUSED_FUNCTION = YES;
				GCC_WARN_UNUSED_VARIABLE = YES;
				IPHONEOS_DEPLOYMENT_TARGET = 14.3;
				MTL_ENABLE_DEBUG_INFO = NO;
				MTL_FAST_MATH = YES;
				SDKROOT = iphoneos;
				SWIFT_COMPILATION_MODE = wholemodule;
				SWIFT_OPTIMIZATION_LEVEL = "-O";
				VALIDATE_PRODUCT = YES;
			};
			name = Release;
		};
		388E596825AD948E0019842D /* Debug */ = {
			isa = XCBuildConfiguration;
			buildSettings = {
				ASSETCATALOG_COMPILER_APPICON_NAME = AppIcon;
				ASSETCATALOG_COMPILER_GLOBAL_ACCENT_COLOR_NAME = AccentColor;
				CODE_SIGN_ENTITLEMENTS = FreeAPS/Resources/FreeAPS.entitlements;
				CODE_SIGN_STYLE = Automatic;
				DEVELOPMENT_ASSET_PATHS = "\"FreeAPS/Preview Content\"";
				DEVELOPMENT_TEAM = 777258T3K8;
				ENABLE_PREVIEWS = YES;
				INFOPLIST_FILE = FreeAPS/Resources/Info.plist;
				IPHONEOS_DEPLOYMENT_TARGET = 14.0;
				LD_RUNPATH_SEARCH_PATHS = (
					"$(inherited)",
					"@executable_path/Frameworks",
				);
				PRODUCT_BUNDLE_IDENTIFIER = ru.artpancreas.FreeAPS;
				PRODUCT_NAME = "$(TARGET_NAME)";
				SWIFT_VERSION = 5.0;
				TARGETED_DEVICE_FAMILY = "1,2";
			};
			name = Debug;
		};
		388E596925AD948E0019842D /* Release */ = {
			isa = XCBuildConfiguration;
			buildSettings = {
				ASSETCATALOG_COMPILER_APPICON_NAME = AppIcon;
				ASSETCATALOG_COMPILER_GLOBAL_ACCENT_COLOR_NAME = AccentColor;
				CODE_SIGN_ENTITLEMENTS = FreeAPS/Resources/FreeAPS.entitlements;
				CODE_SIGN_STYLE = Automatic;
				DEVELOPMENT_ASSET_PATHS = "\"FreeAPS/Preview Content\"";
				DEVELOPMENT_TEAM = 777258T3K8;
				ENABLE_PREVIEWS = YES;
				INFOPLIST_FILE = FreeAPS/Resources/Info.plist;
				IPHONEOS_DEPLOYMENT_TARGET = 14.0;
				LD_RUNPATH_SEARCH_PATHS = (
					"$(inherited)",
					"@executable_path/Frameworks",
				);
				PRODUCT_BUNDLE_IDENTIFIER = ru.artpancreas.FreeAPS;
				PRODUCT_NAME = "$(TARGET_NAME)";
				SWIFT_VERSION = 5.0;
				TARGETED_DEVICE_FAMILY = "1,2";
			};
			name = Release;
		};
/* End XCBuildConfiguration section */

/* Begin XCConfigurationList section */
		388E595325AD948C0019842D /* Build configuration list for PBXProject "FreeAPS" */ = {
			isa = XCConfigurationList;
			buildConfigurations = (
				388E596525AD948E0019842D /* Debug */,
				388E596625AD948E0019842D /* Release */,
			);
			defaultConfigurationIsVisible = 0;
			defaultConfigurationName = Release;
		};
		388E596725AD948E0019842D /* Build configuration list for PBXNativeTarget "FreeAPS" */ = {
			isa = XCConfigurationList;
			buildConfigurations = (
				388E596825AD948E0019842D /* Debug */,
				388E596925AD948E0019842D /* Release */,
			);
			defaultConfigurationIsVisible = 0;
			defaultConfigurationName = Release;
		};
/* End XCConfigurationList section */

/* Begin XCRemoteSwiftPackageReference section */
		3811DE0E25C9D37700A708ED /* XCRemoteSwiftPackageReference "Swinject" */ = {
			isa = XCRemoteSwiftPackageReference;
			repositoryURL = "https://github.com/Swinject/Swinject";
			requirement = {
				kind = upToNextMajorVersion;
				minimumVersion = 2.7.1;
			};
		};
		383948D125CD4D6D00E91849 /* XCRemoteSwiftPackageReference "Disk" */ = {
			isa = XCRemoteSwiftPackageReference;
			repositoryURL = "https://github.com/saoudrizwan/Disk";
			requirement = {
				kind = upToNextMajorVersion;
				minimumVersion = 0.6.4;
			};
		};
/* End XCRemoteSwiftPackageReference section */

/* Begin XCSwiftPackageProductDependency section */
		3811DE0F25C9D37700A708ED /* Swinject */ = {
			isa = XCSwiftPackageProductDependency;
			package = 3811DE0E25C9D37700A708ED /* XCRemoteSwiftPackageReference "Swinject" */;
			productName = Swinject;
		};
		383948D225CD4D6D00E91849 /* Disk */ = {
			isa = XCSwiftPackageProductDependency;
			package = 383948D125CD4D6D00E91849 /* XCRemoteSwiftPackageReference "Disk" */;
			productName = Disk;
		};
/* End XCSwiftPackageProductDependency section */
	};
	rootObject = 388E595025AD948C0019842D /* Project object */;
}
