{
  "object": {
    "pins": [
      {
        "package": "SwiftFormat",
        "repositoryURL": "https://github.com/nicklockwood/SwiftFormat",
        "state": {
          "branch": null,
          "revision": "d1c8a16cc21a3dfc577fe5e881509501ed22d0ce",
          "version": "0.47.11"
        }
      }
    ]
  },
  "version": 1
}
