{
  "object": {
    "pins": [
      {
        "package": "CryptoSwift",
        "repositoryURL": "https://github.com/krzyzanowskim/CryptoSwift",
        "state": {
          "branch": null,
          "revision": "039f56c5d7960f277087a0be51f5eb04ed0ec073",
          "version": "1.5.1"
        }
      },
      {
        "package": "SwiftCharts",
        "repositoryURL": "https://github.com/ivanschuetz/SwiftCharts",
        "state": {
          "branch": "master",
          "revision": "c354c1945bb35a1f01b665b22474f6db28cba4a2",
          "version": null
        }
      }
    ]
  },
  "version": 1
}
