// !$*UTF8*$!
{
	archiveVersion = 1;
	classes = {
	};
	objectVersion = 55;
	objects = {

/* Begin PBXBuildFile section */
		38567101272C4E39002C4DD8 /* LibreTramsmitterExampleApp.swift in Sources */ = {isa = PBXBuildFile; fileRef = 38567100272C4E39002C4DD8 /* LibreTramsmitterExampleApp.swift */; };
		38567103272C4E39002C4DD8 /* ContentView.swift in Sources */ = {isa = PBXBuildFile; fileRef = 38567102272C4E39002C4DD8 /* ContentView.swift */; };
		38567105272C4E3B002C4DD8 /* Assets.xcassets in Resources */ = {isa = PBXBuildFile; fileRef = 38567104272C4E3B002C4DD8 /* Assets.xcassets */; };
		38567108272C4E3B002C4DD8 /* Preview Assets.xcassets in Resources */ = {isa = PBXBuildFile; fileRef = 38567107272C4E3B002C4DD8 /* Preview Assets.xcassets */; };
		3856711B272C51A3002C4DD8 /* LibreTransmitter in Frameworks */ = {isa = PBXBuildFile; productRef = 3856711A272C51A3002C4DD8 /* LibreTransmitter */; };
		38FEF403273AE2E300574A46 /* StateModel.swift in Sources */ = {isa = PBXBuildFile; fileRef = 38FEF402273AE2E300574A46 /* StateModel.swift */; };
/* End PBXBuildFile section */

/* Begin PBXFileReference section */
		385670FD272C4E39002C4DD8 /* LibreTramsmitterExample.app */ = {isa = PBXFileReference; explicitFileType = wrapper.application; includeInIndex = 0; path = LibreTramsmitterExample.app; sourceTree = BUILT_PRODUCTS_DIR; };
		38567100272C4E39002C4DD8 /* LibreTramsmitterExampleApp.swift */ = {isa = PBXFileReference; lastKnownFileType = sourcecode.swift; path = LibreTramsmitterExampleApp.swift; sourceTree = "<group>"; };
		38567102272C4E39002C4DD8 /* ContentView.swift */ = {isa = PBXFileReference; lastKnownFileType = sourcecode.swift; path = ContentView.swift; sourceTree = "<group>"; };
		38567104272C4E3B002C4DD8 /* Assets.xcassets */ = {isa = PBXFileReference; lastKnownFileType = folder.assetcatalog; path = Assets.xcassets; sourceTree = "<group>"; };
		38567107272C4E3B002C4DD8 /* Preview Assets.xcassets */ = {isa = PBXFileReference; lastKnownFileType = folder.assetcatalog; path = "Preview Assets.xcassets"; sourceTree = "<group>"; };
		38567118272C5173002C4DD8 /* LibreTransmitter */ = {isa = PBXFileReference; lastKnownFileType = folder; name = LibreTransmitter; path = ..; sourceTree = "<group>"; };
		3856711C272C5281002C4DD8 /* Info.plist */ = {isa = PBXFileReference; lastKnownFileType = text.plist; path = Info.plist; sourceTree = "<group>"; };
		38FEF3FF2739509400574A46 /* LibreTramsmitterExample.entitlements */ = {isa = PBXFileReference; lastKnownFileType = text.plist.entitlements; path = LibreTramsmitterExample.entitlements; sourceTree = "<group>"; };
		38FEF402273AE2E300574A46 /* StateModel.swift */ = {isa = PBXFileReference; lastKnownFileType = sourcecode.swift; path = StateModel.swift; sourceTree = "<group>"; };
/* End PBXFileReference section */

/* Begin PBXFrameworksBuildPhase section */
		385670FA272C4E39002C4DD8 /* Frameworks */ = {
			isa = PBXFrameworksBuildPhase;
			buildActionMask = 2147483647;
			files = (
				3856711B272C51A3002C4DD8 /* LibreTransmitter in Frameworks */,
			);
			runOnlyForDeploymentPostprocessing = 0;
		};
/* End PBXFrameworksBuildPhase section */

/* Begin PBXGroup section */
		3818AA43274BFE8A00843DB3 /* Frameworks */ = {
			isa = PBXGroup;
			children = (
			);
			name = Frameworks;
			sourceTree = "<group>";
		};
		385670F4272C4E39002C4DD8 = {
			isa = PBXGroup;
			children = (
				385670FF272C4E39002C4DD8 /* LibreTramsmitterExample */,
				38567116272C5115002C4DD8 /* Packages */,
				385670FE272C4E39002C4DD8 /* Products */,
				3818AA43274BFE8A00843DB3 /* Frameworks */,
			);
			sourceTree = "<group>";
		};
		385670FE272C4E39002C4DD8 /* Products */ = {
			isa = PBXGroup;
			children = (
				385670FD272C4E39002C4DD8 /* LibreTramsmitterExample.app */,
			);
			name = Products;
			sourceTree = "<group>";
		};
		385670FF272C4E39002C4DD8 /* LibreTramsmitterExample */ = {
			isa = PBXGroup;
			children = (
				38FEF3FF2739509400574A46 /* LibreTramsmitterExample.entitlements */,
				3856711C272C5281002C4DD8 /* Info.plist */,
				38567102272C4E39002C4DD8 /* ContentView.swift */,
				38567100272C4E39002C4DD8 /* LibreTramsmitterExampleApp.swift */,
				38567104272C4E3B002C4DD8 /* Assets.xcassets */,
				38567106272C4E3B002C4DD8 /* Preview Content */,
				38FEF402273AE2E300574A46 /* StateModel.swift */,
			);
			path = LibreTramsmitterExample;
			sourceTree = "<group>";
		};
		38567106272C4E3B002C4DD8 /* Preview Content */ = {
			isa = PBXGroup;
			children = (
				38567107272C4E3B002C4DD8 /* Preview Assets.xcassets */,
			);
			path = "Preview Content";
			sourceTree = "<group>";
		};
		38567116272C5115002C4DD8 /* Packages */ = {
			isa = PBXGroup;
			children = (
				38567118272C5173002C4DD8 /* LibreTransmitter */,
			);
			name = Packages;
			sourceTree = "<group>";
		};
/* End PBXGroup section */

/* Begin PBXNativeTarget section */
		385670FC272C4E39002C4DD8 /* LibreTramsmitterExample */ = {
			isa = PBXNativeTarget;
			buildConfigurationList = 3856710B272C4E3B002C4DD8 /* Build configuration list for PBXNativeTarget "LibreTramsmitterExample" */;
			buildPhases = (
				385670F9272C4E39002C4DD8 /* Sources */,
				385670FA272C4E39002C4DD8 /* Frameworks */,
				385670FB272C4E39002C4DD8 /* Resources */,
			);
			buildRules = (
			);
			dependencies = (
			);
			name = LibreTramsmitterExample;
			packageProductDependencies = (
				3856711A272C51A3002C4DD8 /* LibreTransmitter */,
			);
			productName = LibreTramsmitterExample;
			productReference = 385670FD272C4E39002C4DD8 /* LibreTramsmitterExample.app */;
			productType = "com.apple.product-type.application";
		};
/* End PBXNativeTarget section */

/* Begin PBXProject section */
		385670F5272C4E39002C4DD8 /* Project object */ = {
			isa = PBXProject;
			attributes = {
				BuildIndependentTargetsInParallel = 1;
				LastSwiftUpdateCheck = 1310;
				LastUpgradeCheck = 1310;
				TargetAttributes = {
					385670FC272C4E39002C4DD8 = {
						CreatedOnToolsVersion = 13.1;
					};
				};
			};
			buildConfigurationList = 385670F8272C4E39002C4DD8 /* Build configuration list for PBXProject "LibreTramsmitterExample" */;
			compatibilityVersion = "Xcode 13.0";
			developmentRegion = en;
			hasScannedForEncodings = 0;
			knownRegions = (
				en,
				Base,
			);
			mainGroup = 385670F4272C4E39002C4DD8;
			productRefGroup = 385670FE272C4E39002C4DD8 /* Products */;
			projectDirPath = "";
			projectRoot = "";
			targets = (
				385670FC272C4E39002C4DD8 /* LibreTramsmitterExample */,
			);
		};
/* End PBXProject section */

/* Begin PBXResourcesBuildPhase section */
		385670FB272C4E39002C4DD8 /* Resources */ = {
			isa = PBXResourcesBuildPhase;
			buildActionMask = 2147483647;
			files = (
				38567108272C4E3B002C4DD8 /* Preview Assets.xcassets in Resources */,
				38567105272C4E3B002C4DD8 /* Assets.xcassets in Resources */,
			);
			runOnlyForDeploymentPostprocessing = 0;
		};
/* End PBXResourcesBuildPhase section */

/* Begin PBXSourcesBuildPhase section */
		385670F9272C4E39002C4DD8 /* Sources */ = {
			isa = PBXSourcesBuildPhase;
			buildActionMask = 2147483647;
			files = (
				38FEF403273AE2E300574A46 /* StateModel.swift in Sources */,
				38567103272C4E39002C4DD8 /* ContentView.swift in Sources */,
				38567101272C4E39002C4DD8 /* LibreTramsmitterExampleApp.swift in Sources */,
			);
			runOnlyForDeploymentPostprocessing = 0;
		};
/* End PBXSourcesBuildPhase section */

/* Begin XCBuildConfiguration section */
		38567109272C4E3B002C4DD8 /* Debug */ = {
			isa = XCBuildConfiguration;
			buildSettings = {
				ALWAYS_SEARCH_USER_PATHS = NO;
				CLANG_ANALYZER_NONNULL = YES;
				CLANG_ANALYZER_NUMBER_OBJECT_CONVERSION = YES_AGGRESSIVE;
				CLANG_CXX_LANGUAGE_STANDARD = "gnu++17";
				CLANG_CXX_LIBRARY = "libc++";
				CLANG_ENABLE_MODULES = YES;
				CLANG_ENABLE_OBJC_ARC = YES;
				CLANG_ENABLE_OBJC_WEAK = YES;
				CLANG_WARN_BLOCK_CAPTURE_AUTORELEASING = YES;
				CLANG_WARN_BOOL_CONVERSION = YES;
				CLANG_WARN_COMMA = YES;
				CLANG_WARN_CONSTANT_CONVERSION = YES;
				CLANG_WARN_DEPRECATED_OBJC_IMPLEMENTATIONS = YES;
				CLANG_WARN_DIRECT_OBJC_ISA_USAGE = YES_ERROR;
				CLANG_WARN_DOCUMENTATION_COMMENTS = YES;
				CLANG_WARN_EMPTY_BODY = YES;
				CLANG_WARN_ENUM_CONVERSION = YES;
				CLANG_WARN_INFINITE_RECURSION = YES;
				CLANG_WARN_INT_CONVERSION = YES;
				CLANG_WARN_NON_LITERAL_NULL_CONVERSION = YES;
				CLANG_WARN_OBJC_IMPLICIT_RETAIN_SELF = YES;
				CLANG_WARN_OBJC_LITERAL_CONVERSION = YES;
				CLANG_WARN_OBJC_ROOT_CLASS = YES_ERROR;
				CLANG_WARN_QUOTED_INCLUDE_IN_FRAMEWORK_HEADER = YES;
				CLANG_WARN_RANGE_LOOP_ANALYSIS = YES;
				CLANG_WARN_STRICT_PROTOTYPES = YES;
				CLANG_WARN_SUSPICIOUS_MOVE = YES;
				CLANG_WARN_UNGUARDED_AVAILABILITY = YES_AGGRESSIVE;
				CLANG_WARN_UNREACHABLE_CODE = YES;
				CLANG_WARN__DUPLICATE_METHOD_MATCH = YES;
				COPY_PHASE_STRIP = NO;
				DEBUG_INFORMATION_FORMAT = dwarf;
				ENABLE_STRICT_OBJC_MSGSEND = YES;
				ENABLE_TESTABILITY = YES;
				GCC_C_LANGUAGE_STANDARD = gnu11;
				GCC_DYNAMIC_NO_PIC = NO;
				GCC_NO_COMMON_BLOCKS = YES;
				GCC_OPTIMIZATION_LEVEL = 0;
				GCC_PREPROCESSOR_DEFINITIONS = (
					"DEBUG=1",
					"$(inherited)",
				);
				GCC_WARN_64_TO_32_BIT_CONVERSION = YES;
				GCC_WARN_ABOUT_RETURN_TYPE = YES_ERROR;
				GCC_WARN_UNDECLARED_SELECTOR = YES;
				GCC_WARN_UNINITIALIZED_AUTOS = YES_AGGRESSIVE;
				GCC_WARN_UNUSED_FUNCTION = YES;
				GCC_WARN_UNUSED_VARIABLE = YES;
				IPHONEOS_DEPLOYMENT_TARGET = 15.0;
				MTL_ENABLE_DEBUG_INFO = INCLUDE_SOURCE;
				MTL_FAST_MATH = YES;
				ONLY_ACTIVE_ARCH = YES;
				SDKROOT = iphoneos;
				SWIFT_ACTIVE_COMPILATION_CONDITIONS = DEBUG;
				SWIFT_OPTIMIZATION_LEVEL = "-Onone";
			};
			name = Debug;
		};
		3856710A272C4E3B002C4DD8 /* Release */ = {
			isa = XCBuildConfiguration;
			buildSettings = {
				ALWAYS_SEARCH_USER_PATHS = NO;
				CLANG_ANALYZER_NONNULL = YES;
				CLANG_ANALYZER_NUMBER_OBJECT_CONVERSION = YES_AGGRESSIVE;
				CLANG_CXX_LANGUAGE_STANDARD = "gnu++17";
				CLANG_CXX_LIBRARY = "libc++";
				CLANG_ENABLE_MODULES = YES;
				CLANG_ENABLE_OBJC_ARC = YES;
				CLANG_ENABLE_OBJC_WEAK = YES;
				CLANG_WARN_BLOCK_CAPTURE_AUTORELEASING = YES;
				CLANG_WARN_BOOL_CONVERSION = YES;
				CLANG_WARN_COMMA = YES;
				CLANG_WARN_CONSTANT_CONVERSION = YES;
				CLANG_WARN_DEPRECATED_OBJC_IMPLEMENTATIONS = YES;
				CLANG_WARN_DIRECT_OBJC_ISA_USAGE = YES_ERROR;
				CLANG_WARN_DOCUMENTATION_COMMENTS = YES;
				CLANG_WARN_EMPTY_BODY = YES;
				CLANG_WARN_ENUM_CONVERSION = YES;
				CLANG_WARN_INFINITE_RECURSION = YES;
				CLANG_WARN_INT_CONVERSION = YES;
				CLANG_WARN_NON_LITERAL_NULL_CONVERSION = YES;
				CLANG_WARN_OBJC_IMPLICIT_RETAIN_SELF = YES;
				CLANG_WARN_OBJC_LITERAL_CONVERSION = YES;
				CLANG_WARN_OBJC_ROOT_CLASS = YES_ERROR;
				CLANG_WARN_QUOTED_INCLUDE_IN_FRAMEWORK_HEADER = YES;
				CLANG_WARN_RANGE_LOOP_ANALYSIS = YES;
				CLANG_WARN_STRICT_PROTOTYPES = YES;
				CLANG_WARN_SUSPICIOUS_MOVE = YES;
				CLANG_WARN_UNGUARDED_AVAILABILITY = YES_AGGRESSIVE;
				CLANG_WARN_UNREACHABLE_CODE = YES;
				CLANG_WARN__DUPLICATE_METHOD_MATCH = YES;
				COPY_PHASE_STRIP = NO;
				DEBUG_INFORMATION_FORMAT = "dwarf-with-dsym";
				ENABLE_NS_ASSERTIONS = NO;
				ENABLE_STRICT_OBJC_MSGSEND = YES;
				GCC_C_LANGUAGE_STANDARD = gnu11;
				GCC_NO_COMMON_BLOCKS = YES;
				GCC_WARN_64_TO_32_BIT_CONVERSION = YES;
				GCC_WARN_ABOUT_RETURN_TYPE = YES_ERROR;
				GCC_WARN_UNDECLARED_SELECTOR = YES;
				GCC_WARN_UNINITIALIZED_AUTOS = YES_AGGRESSIVE;
				GCC_WARN_UNUSED_FUNCTION = YES;
				GCC_WARN_UNUSED_VARIABLE = YES;
				IPHONEOS_DEPLOYMENT_TARGET = 15.0;
				MTL_ENABLE_DEBUG_INFO = NO;
				MTL_FAST_MATH = YES;
				SDKROOT = iphoneos;
				SWIFT_COMPILATION_MODE = wholemodule;
				SWIFT_OPTIMIZATION_LEVEL = "-O";
				VALIDATE_PRODUCT = YES;
			};
			name = Release;
		};
		3856710C272C4E3B002C4DD8 /* Debug */ = {
			isa = XCBuildConfiguration;
			buildSettings = {
				ASSETCATALOG_COMPILER_APPICON_NAME = AppIcon;
				ASSETCATALOG_COMPILER_GLOBAL_ACCENT_COLOR_NAME = AccentColor;
				CODE_SIGN_ENTITLEMENTS = LibreTramsmitterExample/LibreTramsmitterExample.entitlements;
				CODE_SIGN_STYLE = Automatic;
				CURRENT_PROJECT_VERSION = 1;
				DEVELOPMENT_ASSET_PATHS = "\"LibreTramsmitterExample/Preview Content\"";
				DEVELOPMENT_TEAM = BA7ZHP4963;
				ENABLE_PREVIEWS = YES;
				GENERATE_INFOPLIST_FILE = NO;
				INFOPLIST_FILE = LibreTramsmitterExample/Info.plist;
				INFOPLIST_KEY_UIApplicationSceneManifest_Generation = YES;
				INFOPLIST_KEY_UIApplicationSupportsIndirectInputEvents = YES;
				INFOPLIST_KEY_UILaunchScreen_Generation = YES;
				INFOPLIST_KEY_UISupportedInterfaceOrientations_iPad = "UIInterfaceOrientationPortrait UIInterfaceOrientationPortraitUpsideDown UIInterfaceOrientationLandscapeLeft UIInterfaceOrientationLandscapeRight";
				INFOPLIST_KEY_UISupportedInterfaceOrientations_iPhone = "UIInterfaceOrientationPortrait UIInterfaceOrientationLandscapeLeft UIInterfaceOrientationLandscapeRight";
				LD_RUNPATH_SEARCH_PATHS = (
					"$(inherited)",
					"@executable_path/Frameworks",
				);
				MARKETING_VERSION = 1.0;
				PRODUCT_BUNDLE_IDENTIFIER = ru.artpancreas.LibreTramsmitterExample;
				PRODUCT_NAME = "$(TARGET_NAME)";
				SWIFT_EMIT_LOC_STRINGS = YES;
				SWIFT_VERSION = 5.0;
				TARGETED_DEVICE_FAMILY = "1,2";
			};
			name = Debug;
		};
		3856710D272C4E3B002C4DD8 /* Release */ = {
			isa = XCBuildConfiguration;
			buildSettings = {
				ASSETCATALOG_COMPILER_APPICON_NAME = AppIcon;
				ASSETCATALOG_COMPILER_GLOBAL_ACCENT_COLOR_NAME = AccentColor;
				CODE_SIGN_ENTITLEMENTS = LibreTramsmitterExample/LibreTramsmitterExample.entitlements;
				CODE_SIGN_STYLE = Automatic;
				CURRENT_PROJECT_VERSION = 1;
				DEVELOPMENT_ASSET_PATHS = "\"LibreTramsmitterExample/Preview Content\"";
				DEVELOPMENT_TEAM = BA7ZHP4963;
				ENABLE_PREVIEWS = YES;
				GENERATE_INFOPLIST_FILE = NO;
				INFOPLIST_FILE = LibreTramsmitterExample/Info.plist;
				INFOPLIST_KEY_UIApplicationSceneManifest_Generation = YES;
				INFOPLIST_KEY_UIApplicationSupportsIndirectInputEvents = YES;
				INFOPLIST_KEY_UILaunchScreen_Generation = YES;
				INFOPLIST_KEY_UISupportedInterfaceOrientations_iPad = "UIInterfaceOrientationPortrait UIInterfaceOrientationPortraitUpsideDown UIInterfaceOrientationLandscapeLeft UIInterfaceOrientationLandscapeRight";
				INFOPLIST_KEY_UISupportedInterfaceOrientations_iPhone = "UIInterfaceOrientationPortrait UIInterfaceOrientationLandscapeLeft UIInterfaceOrientationLandscapeRight";
				LD_RUNPATH_SEARCH_PATHS = (
					"$(inherited)",
					"@executable_path/Frameworks",
				);
				MARKETING_VERSION = 1.0;
				PRODUCT_BUNDLE_IDENTIFIER = ru.artpancreas.LibreTramsmitterExample;
				PRODUCT_NAME = "$(TARGET_NAME)";
				SWIFT_EMIT_LOC_STRINGS = YES;
				SWIFT_VERSION = 5.0;
				TARGETED_DEVICE_FAMILY = "1,2";
			};
			name = Release;
		};
/* End XCBuildConfiguration section */

/* Begin XCConfigurationList section */
		385670F8272C4E39002C4DD8 /* Build configuration list for PBXProject "LibreTramsmitterExample" */ = {
			isa = XCConfigurationList;
			buildConfigurations = (
				38567109272C4E3B002C4DD8 /* Debug */,
				3856710A272C4E3B002C4DD8 /* Release */,
			);
			defaultConfigurationIsVisible = 0;
			defaultConfigurationName = Release;
		};
		3856710B272C4E3B002C4DD8 /* Build configuration list for PBXNativeTarget "LibreTramsmitterExample" */ = {
			isa = XCConfigurationList;
			buildConfigurations = (
				3856710C272C4E3B002C4DD8 /* Debug */,
				3856710D272C4E3B002C4DD8 /* Release */,
			);
			defaultConfigurationIsVisible = 0;
			defaultConfigurationName = Release;
		};
/* End XCConfigurationList section */

/* Begin XCSwiftPackageProductDependency section */
		3856711A272C51A3002C4DD8 /* LibreTransmitter */ = {
			isa = XCSwiftPackageProductDependency;
			productName = LibreTransmitter;
		};
/* End XCSwiftPackageProductDependency section */
	};
	rootObject = 385670F5272C4E39002C4DD8 /* Project object */;
}
