<?xml version="1.0" encoding="UTF-8"?>
<Scheme
   LastUpgradeVersion = "1330"
   version = "1.3">
   <BuildAction
      parallelizeBuildables = "NO"
      buildImplicitDependencies = "NO">
      <BuildActionEntries>
         <BuildActionEntry
            buildForTesting = "YES"
            buildForRunning = "YES"
            buildForProfiling = "YES"
            buildForArchiving = "YES"
            buildForAnalyzing = "YES">
            <BuildableReference
               BuildableIdentifier = "primary"
               BlueprintIdentifier = "43C246921D8918AE0031F8D1"
               BuildableName = "Crypto.framework"
               BlueprintName = "Crypto"
               ReferencedContainer = "container:RileyLink.xcodeproj">
            </BuildableReference>
         </BuildActionEntry>
         <BuildActionEntry
            buildForTesting = "YES"
            buildForRunning = "YES"
            buildForProfiling = "YES"
            buildForArchiving = "YES"
            buildForAnalyzing = "YES">
            <BuildableReference
               BuildableIdentifier = "primary"
               BlueprintIdentifier = "431CE76E1F98564100255374"
               BuildableName = "RileyLinkBLEKit.framework"
               BlueprintName = "RileyLinkBLEKit"
               ReferencedContainer = "container:RileyLink.xcodeproj">
            </BuildableReference>
         </BuildActionEntry>
         <BuildActionEntry
            buildForTesting = "YES"
            buildForRunning = "YES"
            buildForProfiling = "YES"
            buildForArchiving = "YES"
            buildForAnalyzing = "YES">
            <BuildableReference
               BuildableIdentifier = "primary"
               BlueprintIdentifier = "43722FAD1CB9F7630038B7F2"
               BuildableName = "RileyLinkKit.framework"
               BlueprintName = "RileyLinkKit"
               ReferencedContainer = "container:RileyLink.xcodeproj">
            </BuildableReference>
         </BuildActionEntry>
         <BuildActionEntry
            buildForTesting = "YES"
            buildForRunning = "YES"
            buildForProfiling = "YES"
            buildForArchiving = "YES"
            buildForAnalyzing = "YES">
            <BuildableReference
               BuildableIdentifier = "primary"
               BlueprintIdentifier = "43D5E78D1FAF7BFB004ACDB7"
               BuildableName = "RileyLinkKitUI.framework"
               BlueprintName = "RileyLinkKitUI"
               ReferencedContainer = "container:RileyLink.xcodeproj">
            </BuildableReference>
         </BuildActionEntry>
         <BuildActionEntry
            buildForTesting = "YES"
            buildForRunning = "YES"
            buildForProfiling = "YES"
            buildForArchiving = "YES"
            buildForAnalyzing = "YES">
            <BuildableReference
               BuildableIdentifier = "primary"
               BlueprintIdentifier = "C10D9BC01C8269D500378342"
               BuildableName = "MinimedKit.framework"
               BlueprintName = "MinimedKit"
               ReferencedContainer = "container:RileyLink.xcodeproj">
            </BuildableReference>
         </BuildActionEntry>
         <BuildActionEntry
            buildForTesting = "YES"
            buildForRunning = "YES"
            buildForProfiling = "YES"
            buildForArchiving = "YES"
            buildForAnalyzing = "YES">
            <BuildableReference
               BuildableIdentifier = "primary"
               BlueprintIdentifier = "4352A72420DEC9B700CAC200"
               BuildableName = "MinimedKitUI.framework"
               BlueprintName = "MinimedKitUI"
               ReferencedContainer = "container:RileyLink.xcodeproj">
            </BuildableReference>
         </BuildActionEntry>
         <BuildActionEntry
            buildForTesting = "YES"
            buildForRunning = "YES"
            buildForProfiling = "YES"
            buildForArchiving = "YES"
            buildForAnalyzing = "YES">
            <BuildableReference
               BuildableIdentifier = "primary"
               BlueprintIdentifier = "C1FFAF77213323CC00C50C1D"
               BuildableName = "OmniKit.framework"
               BlueprintName = "OmniKit"
               ReferencedContainer = "container:RileyLink.xcodeproj">
            </BuildableReference>
         </BuildActionEntry>
         <BuildActionEntry
            buildForTesting = "YES"
            buildForRunning = "YES"
            buildForProfiling = "YES"
            buildForArchiving = "YES"
            buildForAnalyzing = "YES">
            <BuildableReference
               BuildableIdentifier = "primary"
               BlueprintIdentifier = "C1FFAFD8213323F900C50C1D"
               BuildableName = "OmniKitUI.framework"
               BlueprintName = "OmniKitUI"
               ReferencedContainer = "container:RileyLink.xcodeproj">
            </BuildableReference>
         </BuildActionEntry>
         <BuildActionEntry
            buildForTesting = "YES"
            buildForRunning = "YES"
            buildForProfiling = "YES"
            buildForArchiving = "YES"
            buildForAnalyzing = "YES">
            <BuildableReference
               BuildableIdentifier = "primary"
               BlueprintIdentifier = "C1B3830A1CD0665D00CE7782"
               BuildableName = "NightscoutUploadKit.framework"
               BlueprintName = "NightscoutUploadKit"
               ReferencedContainer = "container:RileyLink.xcodeproj">
            </BuildableReference>
         </BuildActionEntry>
         <BuildActionEntry
            buildForTesting = "YES"
            buildForRunning = "YES"
            buildForProfiling = "YES"
            buildForArchiving = "YES"
            buildForAnalyzing = "YES">
            <BuildableReference
               BuildableIdentifier = "primary"
               BlueprintIdentifier = "C136AA2923116E32008A320D"
               BuildableName = "OmniKitPlugin.loopplugin"
               BlueprintName = "OmniKitPlugin"
               ReferencedContainer = "container:RileyLink.xcodeproj">
            </BuildableReference>
         </BuildActionEntry>
         <BuildActionEntry
            buildForTesting = "YES"
            buildForRunning = "YES"
            buildForProfiling = "YES"
            buildForArchiving = "YES"
            buildForAnalyzing = "YES">
            <BuildableReference
               BuildableIdentifier = "primary"
               BlueprintIdentifier = "C136AA5D231187B0008A320D"
               BuildableName = "MinimedKitPlugin.loopplugin"
               BlueprintName = "MinimedKitPlugin"
               ReferencedContainer = "container:RileyLink.xcodeproj">
            </BuildableReference>
         </BuildActionEntry>
      </BuildActionEntries>
   </BuildAction>
   <TestAction
      buildConfiguration = "Debug"
      selectedDebuggerIdentifier = "Xcode.DebuggerFoundation.Debugger.LLDB"
      selectedLauncherIdentifier = "Xcode.DebuggerFoundation.Launcher.LLDB"
      shouldUseLaunchSchemeArgsEnv = "YES">
      <MacroExpansion>
         <BuildableReference
            BuildableIdentifier = "primary"
            BlueprintIdentifier = "43C246921D8918AE0031F8D1"
            BuildableName = "Crypto.framework"
            BlueprintName = "Crypto"
            ReferencedContainer = "container:RileyLink.xcodeproj">
         </BuildableReference>
      </MacroExpansion>
      <Testables>
         <TestableReference
            skipped = "NO">
            <BuildableReference
               BuildableIdentifier = "primary"
               BlueprintIdentifier = "431CE7761F98564200255374"
               BuildableName = "RileyLinkBLEKitTests.xctest"
               BlueprintName = "RileyLinkBLEKitTests"
               ReferencedContainer = "container:RileyLink.xcodeproj">
            </BuildableReference>
         </TestableReference>
         <TestableReference
            skipped = "NO">
            <BuildableReference
               BuildableIdentifier = "primary"
               BlueprintIdentifier = "C10D9BC91C8269D500378342"
               BuildableName = "MinimedKitTests.xctest"
               BlueprintName = "MinimedKitTests"
               ReferencedContainer = "container:RileyLink.xcodeproj">
            </BuildableReference>
         </TestableReference>
         <TestableReference
            skipped = "NO">
            <BuildableReference
               BuildableIdentifier = "primary"
               BlueprintIdentifier = "C1B383131CD0665D00CE7782"
               BuildableName = "NightscoutUploadKitTests.xctest"
               BlueprintName = "NightscoutUploadKitTests"
               ReferencedContainer = "container:RileyLink.xcodeproj">
            </BuildableReference>
         </TestableReference>
         <TestableReference
            skipped = "NO">
            <BuildableReference
               BuildableIdentifier = "primary"
               BlueprintIdentifier = "C1FFAF7F213323CC00C50C1D"
               BuildableName = "OmniKitTests.xctest"
               BlueprintName = "OmniKitTests"
               ReferencedContainer = "container:RileyLink.xcodeproj">
            </BuildableReference>
         </TestableReference>
      </Testables>
   </TestAction>
   <LaunchAction
      buildConfiguration = "Debug"
      selectedDebuggerIdentifier = "Xcode.DebuggerFoundation.Debugger.LLDB"
      selectedLauncherIdentifier = "Xcode.DebuggerFoundation.Launcher.LLDB"
      launchStyle = "0"
      useCustomWorkingDirectory = "NO"
      ignoresPersistentStateOnLaunch = "NO"
      debugDocumentVersioning = "YES"
      debugServiceExtension = "internal"
      allowLocationSimulation = "YES">
      <MacroExpansion>
         <BuildableReference
            BuildableIdentifier = "primary"
            BlueprintIdentifier = "43C246921D8918AE0031F8D1"
            BuildableName = "Crypto.framework"
            BlueprintName = "Crypto"
            ReferencedContainer = "container:RileyLink.xcodeproj">
         </BuildableReference>
      </MacroExpansion>
   </LaunchAction>
   <ProfileAction
      buildConfiguration = "Release"
      shouldUseLaunchSchemeArgsEnv = "YES"
      savedToolIdentifier = ""
      useCustomWorkingDirectory = "NO"
      debugDocumentVersioning = "YES">
      <MacroExpansion>
         <BuildableReference
            BuildableIdentifier = "primary"
            BlueprintIdentifier = "43C246921D8918AE0031F8D1"
            BuildableName = "Crypto.framework"
            BlueprintName = "Crypto"
            ReferencedContainer = "container:RileyLink.xcodeproj">
         </BuildableReference>
      </MacroExpansion>
   </ProfileAction>
   <AnalyzeAction
      buildConfiguration = "Debug">
   </AnalyzeAction>
   <ArchiveAction
      buildConfiguration = "Release"
      revealArchiveInOrganizer = "YES">
   </ArchiveAction>
</Scheme>
